// !$*UTF8*$!
{
	archiveVersion = 1;
	classes = {
	};
	objectVersion = 51;
	objects = {

/* Begin PBXBuildFile section */
		5AC2DF73255BD8D000AF05B5 /* Assets.xcassets in Resources */ = {isa = PBXBuildFile; fileRef = 5AC2DF68255BD8D000AF05B5 /* Assets.xcassets */; };
		5AC2DF74255BD8D000AF05B5 /* VideoRoomViewController.m in Sources */ = {isa = PBXBuildFile; fileRef = 5AC2DF69255BD8D000AF05B5 /* VideoRoomViewController.m */; };
		5AC2DF75255BD8D000AF05B5 /* LaunchScreen.storyboard in Resources */ = {isa = PBXBuildFile; fileRef = 5AC2DF6A255BD8D000AF05B5 /* LaunchScreen.storyboard */; };
		5AC2DF76255BD8D000AF05B5 /* Main.storyboard in Resources */ = {isa = PBXBuildFile; fileRef = 5AC2DF6C255BD8D000AF05B5 /* Main.storyboard */; };
		5AC2DF78255BD8D000AF05B5 /* main.m in Sources */ = {isa = PBXBuildFile; fileRef = 5AC2DF6F255BD8D000AF05B5 /* main.m */; };
		5AC2DF79255BD8D000AF05B5 /* AppDelegate.m in Sources */ = {isa = PBXBuildFile; fileRef = 5AC2DF70255BD8D000AF05B5 /* AppDelegate.m */; };
		5ADEBB06254A5A790039372A /* README.md in Resources */ = {isa = PBXBuildFile; fileRef = 5ADEBB05254A5A790039372A /* README.md */; };
		EF8ECF9BCBD9B10C2CD092DA /* Pods_CommonPods_quickdemo_meeting_1v1.framework in Frameworks */ = {isa = PBXBuildFile; fileRef = C2FFD2065DF66D8220B90E75 /* Pods_CommonPods_quickdemo_meeting_1v1.framework */; };
/* End PBXBuildFile section */

/* Begin PBXFileReference section */
		489B63D4255BF44000B1267E /* quickdemo-meeting-1v1.app */ = {isa = PBXFileReference; explicitFileType = wrapper.application; includeInIndex = 0; path = "quickdemo-meeting-1v1.app"; sourceTree = BUILT_PRODUCTS_DIR; };
		48F55E5B255BF55700CD54E2 /* AppConfig.h */ = {isa = PBXFileReference; lastKnownFileType = sourcecode.c.h; path = AppConfig.h; sourceTree = "<group>"; };
		5AC2DF67255BD8D000AF05B5 /* AppDelegate.h */ = {isa = PBXFileReference; fileEncoding = 4; lastKnownFileType = sourcecode.c.h; path = AppDelegate.h; sourceTree = "<group>"; };
		5AC2DF68255BD8D000AF05B5 /* Assets.xcassets */ = {isa = PBXFileReference; lastKnownFileType = folder.assetcatalog; path = Assets.xcassets; sourceTree = "<group>"; };
		5AC2DF69255BD8D000AF05B5 /* VideoRoomViewController.m */ = {isa = PBXFileReference; fileEncoding = 4; lastKnownFileType = sourcecode.c.objc; path = VideoRoomViewController.m; sourceTree = "<group>"; };
		5AC2DF6B255BD8D000AF05B5 /* Base */ = {isa = PBXFileReference; lastKnownFileType = file.storyboard; name = Base; path = Base.lproj/LaunchScreen.storyboard; sourceTree = "<group>"; };
		5AC2DF6D255BD8D000AF05B5 /* Base */ = {isa = PBXFileReference; lastKnownFileType = file.storyboard; name = Base; path = Base.lproj/Main.storyboard; sourceTree = "<group>"; };
		5AC2DF6F255BD8D000AF05B5 /* main.m */ = {isa = PBXFileReference; fileEncoding = 4; lastKnownFileType = sourcecode.c.objc; path = main.m; sourceTree = "<group>"; };
		5AC2DF70255BD8D000AF05B5 /* AppDelegate.m */ = {isa = PBXFileReference; fileEncoding = 4; lastKnownFileType = sourcecode.c.objc; path = AppDelegate.m; sourceTree = "<group>"; };
		5AC2DF71255BD8D000AF05B5 /* VideoRoomViewController.h */ = {isa = PBXFileReference; fileEncoding = 4; lastKnownFileType = sourcecode.c.h; path = VideoRoomViewController.h; sourceTree = "<group>"; };
		5AC2DF72255BD8D000AF05B5 /* Info.plist */ = {isa = PBXFileReference; fileEncoding = 4; lastKnownFileType = text.plist.xml; path = Info.plist; sourceTree = "<group>"; };
		5ADEBB05254A5A790039372A /* README.md */ = {isa = PBXFileReference; fileEncoding = 4; lastKnownFileType = net.daringfireball.markdown; path = README.md; sourceTree = "<group>"; };
		BCC9EA394C424D87EF8A6683 /* Pods-CommonPods-quickdemo-meeting-1v1.release.xcconfig */ = {isa = PBXFileReference; includeInIndex = 1; lastKnownFileType = text.xcconfig; name = "Pods-CommonPods-quickdemo-meeting-1v1.release.xcconfig"; path = "Target Support Files/Pods-CommonPods-quickdemo-meeting-1v1/Pods-CommonPods-quickdemo-meeting-1v1.release.xcconfig"; sourceTree = "<group>"; };
		C2FFD2065DF66D8220B90E75 /* Pods_CommonPods_quickdemo_meeting_1v1.framework */ = {isa = PBXFileReference; explicitFileType = wrapper.framework; includeInIndex = 0; path = Pods_CommonPods_quickdemo_meeting_1v1.framework; sourceTree = BUILT_PRODUCTS_DIR; };
		EDAEC1EDB7E103FC1F07C87B /* Pods-CommonPods-quickdemo-meeting-1v1.debug.xcconfig */ = {isa = PBXFileReference; includeInIndex = 1; lastKnownFileType = text.xcconfig; name = "Pods-CommonPods-quickdemo-meeting-1v1.debug.xcconfig"; path = "Target Support Files/Pods-CommonPods-quickdemo-meeting-1v1/Pods-CommonPods-quickdemo-meeting-1v1.debug.xcconfig"; sourceTree = "<group>"; };
/* End PBXFileReference section */

/* Begin PBXFrameworksBuildPhase section */
		17CBEB4B22C9FDF40027D85C /* Frameworks */ = {
			isa = PBXFrameworksBuildPhase;
			buildActionMask = 2147483647;
			files = (
				EF8ECF9BCBD9B10C2CD092DA /* Pods_CommonPods_quickdemo_meeting_1v1.framework in Frameworks */,
			);
			runOnlyForDeploymentPostprocessing = 0;
		};
/* End PBXFrameworksBuildPhase section */

/* Begin PBXGroup section */
		17CBEB4522C9FDF40027D85C = {
			isa = PBXGroup;
			children = (
				5ADEBB05254A5A790039372A /* README.md */,
				5AC2DF65255BD8D000AF05B5 /* quickdemo-meeting-1v1 */,
				E0C8ABC5C0FEFAF60F0D3CDD /* Frameworks */,
				1A46320891A85A90B0B30C80 /* Pods */,
				489B63D4255BF44000B1267E /* quickdemo-meeting-1v1.app */,
			);
			sourceTree = "<group>";
		};
		1A46320891A85A90B0B30C80 /* Pods */ = {
			isa = PBXGroup;
			children = (
				EDAEC1EDB7E103FC1F07C87B /* Pods-CommonPods-quickdemo-meeting-1v1.debug.xcconfig */,
				BCC9EA394C424D87EF8A6683 /* Pods-CommonPods-quickdemo-meeting-1v1.release.xcconfig */,
			);
			name = Pods;
			path = ../Pods;
			sourceTree = "<group>";
		};
		5AC2DF65255BD8D000AF05B5 /* quickdemo-meeting-1v1 */ = {
			isa = PBXGroup;
			children = (
				48F55E5B255BF55700CD54E2 /* AppConfig.h */,
				5AC2DF71255BD8D000AF05B5 /* VideoRoomViewController.h */,
				5AC2DF69255BD8D000AF05B5 /* VideoRoomViewController.m */,
				5AC2DF7C255BD8F900AF05B5 /* Supporting Files */,
			);
			path = "quickdemo-meeting-1v1";
			sourceTree = "<group>";
		};
		5AC2DF7C255BD8F900AF05B5 /* Supporting Files */ = {
			isa = PBXGroup;
			children = (
				5AC2DF67255BD8D000AF05B5 /* AppDelegate.h */,
				5AC2DF70255BD8D000AF05B5 /* AppDelegate.m */,
				5AC2DF68255BD8D000AF05B5 /* Assets.xcassets */,
				5AC2DF6A255BD8D000AF05B5 /* LaunchScreen.storyboard */,
				5AC2DF6C255BD8D000AF05B5 /* Main.storyboard */,
				5AC2DF6F255BD8D000AF05B5 /* main.m */,
				5AC2DF72255BD8D000AF05B5 /* Info.plist */,
			);
			name = "Supporting Files";
			sourceTree = "<group>";
		};
		E0C8ABC5C0FEFAF60F0D3CDD /* Frameworks */ = {
			isa = PBXGroup;
			children = (
				C2FFD2065DF66D8220B90E75 /* Pods_CommonPods_quickdemo_meeting_1v1.framework */,
			);
			name = Frameworks;
			sourceTree = "<group>";
		};
/* End PBXGroup section */

/* Begin PBXNativeTarget section */
		17CBEB4D22C9FDF40027D85C /* quickdemo-meeting-1v1 */ = {
			isa = PBXNativeTarget;
			buildConfigurationList = 17CBEB7A22C9FDF60027D85C /* Build configuration list for PBXNativeTarget "quickdemo-meeting-1v1" */;
			buildPhases = (
				E90153A4C6DA78144D50E446 /* [CP] Check Pods Manifest.lock */,
				17CBEB4A22C9FDF40027D85C /* Sources */,
				17CBEB4B22C9FDF40027D85C /* Frameworks */,
				17CBEB4C22C9FDF40027D85C /* Resources */,
				9209C68757B24FA9721401E3 /* [CP] Copy Pods Resources */,
			);
			buildRules = (
			);
			dependencies = (
			);
			name = "quickdemo-meeting-1v1";
			productName = RTCQuickStartDemo;
			productReference = 489B63D4255BF44000B1267E /* quickdemo-meeting-1v1.app */;
			productType = "com.apple.product-type.application";
		};
/* End PBXNativeTarget section */

/* Begin PBXProject section */
		17CBEB4622C9FDF40027D85C /* Project object */ = {
			isa = PBXProject;
			attributes = {
				LastUpgradeCheck = 1210;
				ORGANIZATIONNAME = RongCloud;
				TargetAttributes = {
					17CBEB4D22C9FDF40027D85C = {
						CreatedOnToolsVersion = 10.2.1;
					};
				};
			};
			buildConfigurationList = 17CBEB4922C9FDF40027D85C /* Build configuration list for PBXProject "quickdemo-meeting-1v1" */;
			compatibilityVersion = "Xcode 9.3";
			developmentRegion = en;
			hasScannedForEncodings = 0;
			knownRegions = (
				en,
				Base,
			);
			mainGroup = 17CBEB4522C9FDF40027D85C;
			productRefGroup = 17CBEB4522C9FDF40027D85C;
			projectDirPath = "";
			projectRoot = "";
			targets = (
				17CBEB4D22C9FDF40027D85C /* quickdemo-meeting-1v1 */,
			);
		};
/* End PBXProject section */

/* Begin PBXResourcesBuildPhase section */
		17CBEB4C22C9FDF40027D85C /* Resources */ = {
			isa = PBXResourcesBuildPhase;
			buildActionMask = 2147483647;
			files = (
				5AC2DF75255BD8D000AF05B5 /* LaunchScreen.storyboard in Resources */,
				5AC2DF73255BD8D000AF05B5 /* Assets.xcassets in Resources */,
				5ADEBB06254A5A790039372A /* README.md in Resources */,
				5AC2DF76255BD8D000AF05B5 /* Main.storyboard in Resources */,
			);
			runOnlyForDeploymentPostprocessing = 0;
		};
/* End PBXResourcesBuildPhase section */

/* Begin PBXShellScriptBuildPhase section */
		9209C68757B24FA9721401E3 /* [CP] Copy Pods Resources */ = {
			isa = PBXShellScriptBuildPhase;
			buildActionMask = 2147483647;
			files = (
			);
			inputFileListPaths = (
				"${PODS_ROOT}/Target Support Files/Pods-CommonPods-quickdemo-meeting-1v1/Pods-CommonPods-quickdemo-meeting-1v1-resources-${CONFIGURATION}-input-files.xcfilelist",
			);
			name = "[CP] Copy Pods Resources";
			outputFileListPaths = (
				"${PODS_ROOT}/Target Support Files/Pods-CommonPods-quickdemo-meeting-1v1/Pods-CommonPods-quickdemo-meeting-1v1-resources-${CONFIGURATION}-output-files.xcfilelist",
			);
			runOnlyForDeploymentPostprocessing = 0;
			shellPath = /bin/sh;
			shellScript = "\"${PODS_ROOT}/Target Support Files/Pods-CommonPods-quickdemo-meeting-1v1/Pods-CommonPods-quickdemo-meeting-1v1-resources.sh\"\n";
			showEnvVarsInLog = 0;
		};
		E90153A4C6DA78144D50E446 /* [CP] Check Pods Manifest.lock */ = {
			isa = PBXShellScriptBuildPhase;
			buildActionMask = 2147483647;
			files = (
			);
			inputFileListPaths = (
			);
			inputPaths = (
				"${PODS_PODFILE_DIR_PATH}/Podfile.lock",
				"${PODS_ROOT}/Manifest.lock",
			);
			name = "[CP] Check Pods Manifest.lock";
			outputFileListPaths = (
			);
			outputPaths = (
				"$(DERIVED_FILE_DIR)/Pods-CommonPods-quickdemo-meeting-1v1-checkManifestLockResult.txt",
			);
			runOnlyForDeploymentPostprocessing = 0;
			shellPath = /bin/sh;
			shellScript = "diff \"${PODS_PODFILE_DIR_PATH}/Podfile.lock\" \"${PODS_ROOT}/Manifest.lock\" > /dev/null\nif [ $? != 0 ] ; then\n    # print error to STDERR\n    echo \"error: The sandbox is not in sync with the Podfile.lock. Run 'pod install' or update your CocoaPods installation.\" >&2\n    exit 1\nfi\n# This output is used by Xcode 'outputs' to avoid re-running this script phase.\necho \"SUCCESS\" > \"${SCRIPT_OUTPUT_FILE_0}\"\n";
			showEnvVarsInLog = 0;
		};
/* End PBXShellScriptBuildPhase section */

/* Begin PBXSourcesBuildPhase section */
		17CBEB4A22C9FDF40027D85C /* Sources */ = {
			isa = PBXSourcesBuildPhase;
			buildActionMask = 2147483647;
			files = (
				5AC2DF79255BD8D000AF05B5 /* AppDelegate.m in Sources */,
				5AC2DF78255BD8D000AF05B5 /* main.m in Sources */,
				5AC2DF74255BD8D000AF05B5 /* VideoRoomViewController.m in Sources */,
			);
			runOnlyForDeploymentPostprocessing = 0;
		};
/* End PBXSourcesBuildPhase section */

/* Begin PBXVariantGroup section */
		5AC2DF6A255BD8D000AF05B5 /* LaunchScreen.storyboard */ = {
			isa = PBXVariantGroup;
			children = (
				5AC2DF6B255BD8D000AF05B5 /* Base */,
			);
			name = LaunchScreen.storyboard;
			sourceTree = "<group>";
		};
		5AC2DF6C255BD8D000AF05B5 /* Main.storyboard */ = {
			isa = PBXVariantGroup;
			children = (
				5AC2DF6D255BD8D000AF05B5 /* Base */,
			);
			name = Main.storyboard;
			sourceTree = "<group>";
		};
/* End PBXVariantGroup section */

/* Begin XCBuildConfiguration section */
		17CBEB7822C9FDF60027D85C /* Debug */ = {
			isa = XCBuildConfiguration;
			buildSettings = {
				ALWAYS_SEARCH_USER_PATHS = NO;
				CLANG_ANALYZER_NONNULL = YES;
				CLANG_ANALYZER_NUMBER_OBJECT_CONVERSION = YES_AGGRESSIVE;
				CLANG_CXX_LANGUAGE_STANDARD = "gnu++14";
				CLANG_CXX_LIBRARY = "libc++";
				CLANG_ENABLE_MODULES = YES;
				CLANG_ENABLE_OBJC_ARC = YES;
				CLANG_ENABLE_OBJC_WEAK = YES;
				CLANG_WARN_BLOCK_CAPTURE_AUTORELEASING = YES;
				CLANG_WARN_BOOL_CONVERSION = YES;
				CLANG_WARN_COMMA = YES;
				CLANG_WARN_CONSTANT_CONVERSION = YES;
				CLANG_WARN_DEPRECATED_OBJC_IMPLEMENTATIONS = YES;
				CLANG_WARN_DIRECT_OBJC_ISA_USAGE = YES_ERROR;
				CLANG_WARN_DOCUMENTATION_COMMENTS = YES;
				CLANG_WARN_EMPTY_BODY = YES;
				CLANG_WARN_ENUM_CONVERSION = YES;
				CLANG_WARN_INFINITE_RECURSION = YES;
				CLANG_WARN_INT_CONVERSION = YES;
				CLANG_WARN_NON_LITERAL_NULL_CONVERSION = YES;
				CLANG_WARN_OBJC_IMPLICIT_RETAIN_SELF = YES;
				CLANG_WARN_OBJC_LITERAL_CONVERSION = YES;
				CLANG_WARN_OBJC_ROOT_CLASS = YES_ERROR;
				CLANG_WARN_QUOTED_INCLUDE_IN_FRAMEWORK_HEADER = YES;
				CLANG_WARN_RANGE_LOOP_ANALYSIS = YES;
				CLANG_WARN_STRICT_PROTOTYPES = YES;
				CLANG_WARN_SUSPICIOUS_MOVE = YES;
				CLANG_WARN_UNGUARDED_AVAILABILITY = YES_AGGRESSIVE;
				CLANG_WARN_UNREACHABLE_CODE = YES;
				CLANG_WARN__DUPLICATE_METHOD_MATCH = YES;
				CODE_SIGN_IDENTITY = "iPhone Developer";
				COPY_PHASE_STRIP = NO;
				DEBUG_INFORMATION_FORMAT = dwarf;
				ENABLE_STRICT_OBJC_MSGSEND = YES;
				ENABLE_TESTABILITY = YES;
				GCC_C_LANGUAGE_STANDARD = gnu11;
				GCC_DYNAMIC_NO_PIC = NO;
				GCC_NO_COMMON_BLOCKS = YES;
				GCC_OPTIMIZATION_LEVEL = 0;
				GCC_PREPROCESSOR_DEFINITIONS = (
					"DEBUG=1",
					"$(inherited)",
				);
				GCC_WARN_64_TO_32_BIT_CONVERSION = YES;
				GCC_WARN_ABOUT_RETURN_TYPE = YES_ERROR;
				GCC_WARN_UNDECLARED_SELECTOR = YES;
				GCC_WARN_UNINITIALIZED_AUTOS = YES_AGGRESSIVE;
				GCC_WARN_UNUSED_FUNCTION = YES;
				GCC_WARN_UNUSED_VARIABLE = YES;
				IPHONEOS_DEPLOYMENT_TARGET = 9.0;
				MTL_ENABLE_DEBUG_INFO = INCLUDE_SOURCE;
				MTL_FAST_MATH = YES;
				ONLY_ACTIVE_ARCH = YES;
				SDKROOT = iphoneos;
			};
			name = Debug;
		};
		17CBEB7922C9FDF60027D85C /* Release */ = {
			isa = XCBuildConfiguration;
			buildSettings = {
				ALWAYS_SEARCH_USER_PATHS = NO;
				CLANG_ANALYZER_NONNULL = YES;
				CLANG_ANALYZER_NUMBER_OBJECT_CONVERSION = YES_AGGRESSIVE;
				CLANG_CXX_LANGUAGE_STANDARD = "gnu++14";
				CLANG_CXX_LIBRARY = "libc++";
				CLANG_ENABLE_MODULES = YES;
				CLANG_ENABLE_OBJC_ARC = YES;
				CLANG_ENABLE_OBJC_WEAK = YES;
				CLANG_WARN_BLOCK_CAPTURE_AUTORELEASING = YES;
				CLANG_WARN_BOOL_CONVERSION = YES;
				CLANG_WARN_COMMA = YES;
				CLANG_WARN_CONSTANT_CONVERSION = YES;
				CLANG_WARN_DEPRECATED_OBJC_IMPLEMENTATIONS = YES;
				CLANG_WARN_DIRECT_OBJC_ISA_USAGE = YES_ERROR;
				CLANG_WARN_DOCUMENTATION_COMMENTS = YES;
				CLANG_WARN_EMPTY_BODY = YES;
				CLANG_WARN_ENUM_CONVERSION = YES;
				CLANG_WARN_INFINITE_RECURSION = YES;
				CLANG_WARN_INT_CONVERSION = YES;
				CLANG_WARN_NON_LITERAL_NULL_CONVERSION = YES;
				CLANG_WARN_OBJC_IMPLICIT_RETAIN_SELF = YES;
				CLANG_WARN_OBJC_LITERAL_CONVERSION = YES;
				CLANG_WARN_OBJC_ROOT_CLASS = YES_ERROR;
				CLANG_WARN_QUOTED_INCLUDE_IN_FRAMEWORK_HEADER = YES;
				CLANG_WARN_RANGE_LOOP_ANALYSIS = YES;
				CLANG_WARN_STRICT_PROTOTYPES = YES;
				CLANG_WARN_SUSPICIOUS_MOVE = YES;
				CLANG_WARN_UNGUARDED_AVAILABILITY = YES_AGGRESSIVE;
				CLANG_WARN_UNREACHABLE_CODE = YES;
				CLANG_WARN__DUPLICATE_METHOD_MATCH = YES;
				CODE_SIGN_IDENTITY = "iPhone Developer";
				COPY_PHASE_STRIP = NO;
				DEBUG_INFORMATION_FORMAT = "dwarf-with-dsym";
				ENABLE_NS_ASSERTIONS = NO;
				ENABLE_STRICT_OBJC_MSGSEND = YES;
				GCC_C_LANGUAGE_STANDARD = gnu11;
				GCC_NO_COMMON_BLOCKS = YES;
				GCC_WARN_64_TO_32_BIT_CONVERSION = YES;
				GCC_WARN_ABOUT_RETURN_TYPE = YES_ERROR;
				GCC_WARN_UNDECLARED_SELECTOR = YES;
				GCC_WARN_UNINITIALIZED_AUTOS = YES_AGGRESSIVE;
				GCC_WARN_UNUSED_FUNCTION = YES;
				GCC_WARN_UNUSED_VARIABLE = YES;
				IPHONEOS_DEPLOYMENT_TARGET = 9.0;
				MTL_ENABLE_DEBUG_INFO = NO;
				MTL_FAST_MATH = YES;
				SDKROOT = iphoneos;
				VALIDATE_PRODUCT = YES;
			};
			name = Release;
		};
		17CBEB7B22C9FDF60027D85C /* Debug */ = {
			isa = XCBuildConfiguration;
			baseConfigurationReference = EDAEC1EDB7E103FC1F07C87B /* Pods-CommonPods-quickdemo-meeting-1v1.debug.xcconfig */;
			buildSettings = {
				ASSETCATALOG_COMPILER_APPICON_NAME = AppIcon;
				CODE_SIGN_STYLE = Automatic;
				DEVELOPMENT_TEAM = 4HV69JVVTA;
				ENABLE_BITCODE = NO;
				FRAMEWORK_SEARCH_PATHS = "$(inherited)";
				INFOPLIST_FILE = "quickdemo-meeting-1v1/Info.plist";
				IPHONEOS_DEPLOYMENT_TARGET = 12.0;
				LD_RUNPATH_SEARCH_PATHS = (
					"$(inherited)",
					"@executable_path/Frameworks",
				);
				LIBRARY_SEARCH_PATHS = (
					"$(inherited)",
					"$(PROJECT_DIR)/quickdemo-meeting-1v1/frameworks",
				);
				MARKETING_VERSION = 1.0;
				PRODUCT_BUNDLE_IDENTIFIER = cn.rongcloud.RTCQuickStartDemo2021;
				PRODUCT_NAME = "$(TARGET_NAME)";
				TARGETED_DEVICE_FAMILY = 1;
			};
			name = Debug;
		};
		17CBEB7C22C9FDF60027D85C /* Release */ = {
			isa = XCBuildConfiguration;
			baseConfigurationReference = BCC9EA394C424D87EF8A6683 /* Pods-CommonPods-quickdemo-meeting-1v1.release.xcconfig */;
			buildSettings = {
				ASSETCATALOG_COMPILER_APPICON_NAME = AppIcon;
				CODE_SIGN_STYLE = Automatic;
				DEVELOPMENT_TEAM = 4HV69JVVTA;
				ENABLE_BITCODE = NO;
				FRAMEWORK_SEARCH_PATHS = "$(inherited)";
				INFOPLIST_FILE = "quickdemo-meeting-1v1/Info.plist";
				IPHONEOS_DEPLOYMENT_TARGET = 12.0;
				LD_RUNPATH_SEARCH_PATHS = (
					"$(inherited)",
					"@executable_path/Frameworks",
				);
				LIBRARY_SEARCH_PATHS = (
					"$(inherited)",
					"$(PROJECT_DIR)/quickdemo-meeting-1v1/frameworks",
				);
				MARKETING_VERSION = 1.0;
				PRODUCT_BUNDLE_IDENTIFIER = cn.rongcloud.RTCQuickStartDemo2021;
				PRODUCT_NAME = "$(TARGET_NAME)";
				TARGETED_DEVICE_FAMILY = 1;
			};
			name = Release;
		};
/* End XCBuildConfiguration section */

/* Begin XCConfigurationList section */
		17CBEB4922C9FDF40027D85C /* Build configuration list for PBXProject "quickdemo-meeting-1v1" */ = {
			isa = XCConfigurationList;
			buildConfigurations = (
				17CBEB7822C9FDF60027D85C /* Debug */,
				17CBEB7922C9FDF60027D85C /* Release */,
			);
			defaultConfigurationIsVisible = 0;
			defaultConfigurationName = Release;
		};
		17CBEB7A22C9FDF60027D85C /* Build configuration list for PBXNativeTarget "quickdemo-meeting-1v1" */ = {
			isa = XCConfigurationList;
			buildConfigurations = (
				17CBEB7B22C9FDF60027D85C /* Debug */,
				17CBEB7C22C9FDF60027D85C /* Release */,
			);
			defaultConfigurationIsVisible = 0;
			defaultConfigurationName = Release;
		};
/* End XCConfigurationList section */
	};
	rootObject = 17CBEB4622C9FDF40027D85C /* Project object */;
}
