// !$*UTF8*$!
{
	archiveVersion = 1;
	classes = {
	};
	objectVersion = 51;
	objects = {

/* Begin PBXBuildFile section */
		5AFBE4FC25651BA10052F06E /* AppDelegate.m in Sources */ = {isa = PBXBuildFile; fileRef = 5AFBE4FB25651BA10052F06E /* AppDelegate.m */; };
		5AFBE4FF25651BA10052F06E /* SceneDelegate.m in Sources */ = {isa = PBXBuildFile; fileRef = 5AFBE4FE25651BA10052F06E /* SceneDelegate.m */; };
		5AFBE50225651BA10052F06E /* ViewController.m in Sources */ = {isa = PBXBuildFile; fileRef = 5AFBE50125651BA10052F06E /* ViewController.m */; };
		5AFBE50525651BA10052F06E /* Main.storyboard in Resources */ = {isa = PBXBuildFile; fileRef = 5AFBE50325651BA10052F06E /* Main.storyboard */; };
		5AFBE50725651BA40052F06E /* Assets.xcassets in Resources */ = {isa = PBXBuildFile; fileRef = 5AFBE50625651BA40052F06E /* Assets.xcassets */; };
		5AFBE50A25651BA40052F06E /* LaunchScreen.storyboard in Resources */ = {isa = PBXBuildFile; fileRef = 5AFBE50825651BA40052F06E /* LaunchScreen.storyboard */; };
		5AFBE50D25651BA40052F06E /* main.m in Sources */ = {isa = PBXBuildFile; fileRef = 5AFBE50C25651BA40052F06E /* main.m */; };
		6E9774C3E2C857D4BB33ACA9 /* Pods_CommonPods_quickdemo_callkit.framework in Frameworks */ = {isa = PBXBuildFile; fileRef = AF5AEE397CC0643A5D6D7302 /* Pods_CommonPods_quickdemo_callkit.framework */; };
/* End PBXBuildFile section */

/* Begin PBXFileReference section */
		5AFBE4F725651BA10052F06E /* quickdemo-callkit.app */ = {isa = PBXFileReference; explicitFileType = wrapper.application; includeInIndex = 0; path = "quickdemo-callkit.app"; sourceTree = BUILT_PRODUCTS_DIR; };
		5AFBE4FA25651BA10052F06E /* AppDelegate.h */ = {isa = PBXFileReference; lastKnownFileType = sourcecode.c.h; path = AppDelegate.h; sourceTree = "<group>"; };
		5AFBE4FB25651BA10052F06E /* AppDelegate.m */ = {isa = PBXFileReference; lastKnownFileType = sourcecode.c.objc; path = AppDelegate.m; sourceTree = "<group>"; };
		5AFBE4FD25651BA10052F06E /* SceneDelegate.h */ = {isa = PBXFileReference; lastKnownFileType = sourcecode.c.h; path = SceneDelegate.h; sourceTree = "<group>"; };
		5AFBE4FE25651BA10052F06E /* SceneDelegate.m */ = {isa = PBXFileReference; lastKnownFileType = sourcecode.c.objc; path = SceneDelegate.m; sourceTree = "<group>"; };
		5AFBE50025651BA10052F06E /* ViewController.h */ = {isa = PBXFileReference; lastKnownFileType = sourcecode.c.h; path = ViewController.h; sourceTree = "<group>"; };
		5AFBE50125651BA10052F06E /* ViewController.m */ = {isa = PBXFileReference; lastKnownFileType = sourcecode.c.objc; path = ViewController.m; sourceTree = "<group>"; };
		5AFBE50425651BA10052F06E /* Base */ = {isa = PBXFileReference; lastKnownFileType = file.storyboard; name = Base; path = Base.lproj/Main.storyboard; sourceTree = "<group>"; };
		5AFBE50625651BA40052F06E /* Assets.xcassets */ = {isa = PBXFileReference; lastKnownFileType = folder.assetcatalog; path = Assets.xcassets; sourceTree = "<group>"; };
		5AFBE50925651BA40052F06E /* Base */ = {isa = PBXFileReference; lastKnownFileType = file.storyboard; name = Base; path = Base.lproj/LaunchScreen.storyboard; sourceTree = "<group>"; };
		5AFBE50B25651BA40052F06E /* Info.plist */ = {isa = PBXFileReference; lastKnownFileType = text.plist.xml; path = Info.plist; sourceTree = "<group>"; };
		5AFBE50C25651BA40052F06E /* main.m */ = {isa = PBXFileReference; lastKnownFileType = sourcecode.c.objc; path = main.m; sourceTree = "<group>"; };
		7DA7C155ED971AE11393EA9C /* Pods-CommonPods-quickdemo-callKit.release.xcconfig */ = {isa = PBXFileReference; includeInIndex = 1; lastKnownFileType = text.xcconfig; name = "Pods-CommonPods-quickdemo-callKit.release.xcconfig"; path = "Target Support Files/Pods-CommonPods-quickdemo-callKit/Pods-CommonPods-quickdemo-callKit.release.xcconfig"; sourceTree = "<group>"; };
		A416FA4C8E1AF96ECEAE3CE8 /* Pods-CommonPods-quickdemo-callkit.debug.xcconfig */ = {isa = PBXFileReference; includeInIndex = 1; lastKnownFileType = text.xcconfig; name = "Pods-CommonPods-quickdemo-callkit.debug.xcconfig"; path = "Target Support Files/Pods-CommonPods-quickdemo-callkit/Pods-CommonPods-quickdemo-callkit.debug.xcconfig"; sourceTree = "<group>"; };
		AF5AEE397CC0643A5D6D7302 /* Pods_CommonPods_quickdemo_callkit.framework */ = {isa = PBXFileReference; explicitFileType = wrapper.framework; includeInIndex = 0; path = Pods_CommonPods_quickdemo_callkit.framework; sourceTree = BUILT_PRODUCTS_DIR; };
		F56DFF624209864949915607 /* Pods-CommonPods-quickdemo-callKit.debug.xcconfig */ = {isa = PBXFileReference; includeInIndex = 1; lastKnownFileType = text.xcconfig; name = "Pods-CommonPods-quickdemo-callKit.debug.xcconfig"; path = "Target Support Files/Pods-CommonPods-quickdemo-callKit/Pods-CommonPods-quickdemo-callKit.debug.xcconfig"; sourceTree = "<group>"; };
		F9ECB1A61CE9E094B7C39CC0 /* Pods-CommonPods-quickdemo-callkit.release.xcconfig */ = {isa = PBXFileReference; includeInIndex = 1; lastKnownFileType = text.xcconfig; name = "Pods-CommonPods-quickdemo-callkit.release.xcconfig"; path = "Target Support Files/Pods-CommonPods-quickdemo-callkit/Pods-CommonPods-quickdemo-callkit.release.xcconfig"; sourceTree = "<group>"; };
/* End PBXFileReference section */

/* Begin PBXFrameworksBuildPhase section */
		5AFBE4F425651BA10052F06E /* Frameworks */ = {
			isa = PBXFrameworksBuildPhase;
			buildActionMask = 2147483647;
			files = (
				6E9774C3E2C857D4BB33ACA9 /* Pods_CommonPods_quickdemo_callkit.framework in Frameworks */,
			);
			runOnlyForDeploymentPostprocessing = 0;
		};
/* End PBXFrameworksBuildPhase section */

/* Begin PBXGroup section */
		34EB4CE1E1B123FE0F3672F3 /* Pods */ = {
			isa = PBXGroup;
			children = (
				F56DFF624209864949915607 /* Pods-CommonPods-quickdemo-callKit.debug.xcconfig */,
				7DA7C155ED971AE11393EA9C /* Pods-CommonPods-quickdemo-callKit.release.xcconfig */,
				A416FA4C8E1AF96ECEAE3CE8 /* Pods-CommonPods-quickdemo-callkit.debug.xcconfig */,
				F9ECB1A61CE9E094B7C39CC0 /* Pods-CommonPods-quickdemo-callkit.release.xcconfig */,
			);
			name = Pods;
			path = ../Pods;
			sourceTree = "<group>";
		};
		5AFBE4EE25651BA10052F06E = {
			isa = PBXGroup;
			children = (
				5AFBE4F925651BA10052F06E /* quickdemo-callkit */,
				5AFBE4F825651BA10052F06E /* Products */,
				34EB4CE1E1B123FE0F3672F3 /* Pods */,
				DB3469902205519A9B3FE918 /* Frameworks */,
			);
			sourceTree = "<group>";
		};
		5AFBE4F825651BA10052F06E /* Products */ = {
			isa = PBXGroup;
			children = (
				5AFBE4F725651BA10052F06E /* quickdemo-callkit.app */,
			);
			name = Products;
			sourceTree = "<group>";
		};
		5AFBE4F925651BA10052F06E /* quickdemo-callkit */ = {
			isa = PBXGroup;
			children = (
				5AFBE4FA25651BA10052F06E /* AppDelegate.h */,
				5AFBE4FB25651BA10052F06E /* AppDelegate.m */,
				5AFBE4FD25651BA10052F06E /* SceneDelegate.h */,
				5AFBE4FE25651BA10052F06E /* SceneDelegate.m */,
				5AFBE50025651BA10052F06E /* ViewController.h */,
				5AFBE50125651BA10052F06E /* ViewController.m */,
				5AFBE50325651BA10052F06E /* Main.storyboard */,
				5AFBE50625651BA40052F06E /* Assets.xcassets */,
				5AFBE50825651BA40052F06E /* LaunchScreen.storyboard */,
				5AFBE50B25651BA40052F06E /* Info.plist */,
				5AFBE50C25651BA40052F06E /* main.m */,
			);
			path = "quickdemo-callkit";
			sourceTree = "<group>";
		};
		DB3469902205519A9B3FE918 /* Frameworks */ = {
			isa = PBXGroup;
			children = (
				AF5AEE397CC0643A5D6D7302 /* Pods_CommonPods_quickdemo_callkit.framework */,
			);
			name = Frameworks;
			sourceTree = "<group>";
		};
/* End PBXGroup section */

/* Begin PBXNativeTarget section */
		5AFBE4F625651BA10052F06E /* quickdemo-callkit */ = {
			isa = PBXNativeTarget;
			buildConfigurationList = 5AFBE52625651BA50052F06E /* Build configuration list for PBXNativeTarget "quickdemo-callkit" */;
			buildPhases = (
				B2C943692F9627DD59790E7F /* [CP] Check Pods Manifest.lock */,
				5AFBE4F325651BA10052F06E /* Sources */,
				5AFBE4F425651BA10052F06E /* Frameworks */,
				5AFBE4F525651BA10052F06E /* Resources */,
				4365873CB6CB94D71DD4E47C /* [CP] Embed Pods Frameworks */,
				9E8C31E8B73CF5A121DC89F7 /* [CP] Copy Pods Resources */,
			);
			buildRules = (
			);
			dependencies = (
			);
			name = "quickdemo-callkit";
			productName = "quickdemo-callKit";
			productReference = 5AFBE4F725651BA10052F06E /* quickdemo-callkit.app */;
			productType = "com.apple.product-type.application";
		};
/* End PBXNativeTarget section */

/* Begin PBXProject section */
		5AFBE4EF25651BA10052F06E /* Project object */ = {
			isa = PBXProject;
			attributes = {
				LastUpgradeCheck = 1220;
				TargetAttributes = {
					5AFBE4F625651BA10052F06E = {
						CreatedOnToolsVersion = 12.2;
					};
				};
			};
			buildConfigurationList = 5AFBE4F225651BA10052F06E /* Build configuration list for PBXProject "quickdemo-callkit" */;
			compatibilityVersion = "Xcode 9.3";
			developmentRegion = en;
			hasScannedForEncodings = 0;
			knownRegions = (
				en,
				Base,
			);
			mainGroup = 5AFBE4EE25651BA10052F06E;
			productRefGroup = 5AFBE4F825651BA10052F06E /* Products */;
			projectDirPath = "";
			projectRoot = "";
			targets = (
				5AFBE4F625651BA10052F06E /* quickdemo-callkit */,
			);
		};
/* End PBXProject section */

/* Begin PBXResourcesBuildPhase section */
		5AFBE4F525651BA10052F06E /* Resources */ = {
			isa = PBXResourcesBuildPhase;
			buildActionMask = 2147483647;
			files = (
				5AFBE50A25651BA40052F06E /* LaunchScreen.storyboard in Resources */,
				5AFBE50725651BA40052F06E /* Assets.xcassets in Resources */,
				5AFBE50525651BA10052F06E /* Main.storyboard in Resources */,
			);
			runOnlyForDeploymentPostprocessing = 0;
		};
/* End PBXResourcesBuildPhase section */

/* Begin PBXShellScriptBuildPhase section */
		4365873CB6CB94D71DD4E47C /* [CP] Embed Pods Frameworks */ = {
			isa = PBXShellScriptBuildPhase;
			buildActionMask = 2147483647;
			files = (
			);
			inputFileListPaths = (
				"${PODS_ROOT}/Target Support Files/Pods-CommonPods-quickdemo-callkit/Pods-CommonPods-quickdemo-callkit-frameworks-${CONFIGURATION}-input-files.xcfilelist",
			);
			name = "[CP] Embed Pods Frameworks";
			outputFileListPaths = (
				"${PODS_ROOT}/Target Support Files/Pods-CommonPods-quickdemo-callkit/Pods-CommonPods-quickdemo-callkit-frameworks-${CONFIGURATION}-output-files.xcfilelist",
			);
			runOnlyForDeploymentPostprocessing = 0;
			shellPath = /bin/sh;
			shellScript = "\"${PODS_ROOT}/Target Support Files/Pods-CommonPods-quickdemo-callkit/Pods-CommonPods-quickdemo-callkit-frameworks.sh\"\n";
			showEnvVarsInLog = 0;
		};
		9E8C31E8B73CF5A121DC89F7 /* [CP] Copy Pods Resources */ = {
			isa = PBXShellScriptBuildPhase;
			buildActionMask = 2147483647;
			files = (
			);
			inputFileListPaths = (
				"${PODS_ROOT}/Target Support Files/Pods-CommonPods-quickdemo-callkit/Pods-CommonPods-quickdemo-callkit-resources-${CONFIGURATION}-input-files.xcfilelist",
			);
			name = "[CP] Copy Pods Resources";
			outputFileListPaths = (
				"${PODS_ROOT}/Target Support Files/Pods-CommonPods-quickdemo-callkit/Pods-CommonPods-quickdemo-callkit-resources-${CONFIGURATION}-output-files.xcfilelist",
			);
			runOnlyForDeploymentPostprocessing = 0;
			shellPath = /bin/sh;
			shellScript = "\"${PODS_ROOT}/Target Support Files/Pods-CommonPods-quickdemo-callkit/Pods-CommonPods-quickdemo-callkit-resources.sh\"\n";
			showEnvVarsInLog = 0;
		};
		B2C943692F9627DD59790E7F /* [CP] Check Pods Manifest.lock */ = {
			isa = PBXShellScriptBuildPhase;
			buildActionMask = 2147483647;
			files = (
			);
			inputFileListPaths = (
			);
			inputPaths = (
				"${PODS_PODFILE_DIR_PATH}/Podfile.lock",
				"${PODS_ROOT}/Manifest.lock",
			);
			name = "[CP] Check Pods Manifest.lock";
			outputFileListPaths = (
			);
			outputPaths = (
				"$(DERIVED_FILE_DIR)/Pods-CommonPods-quickdemo-callkit-checkManifestLockResult.txt",
			);
			runOnlyForDeploymentPostprocessing = 0;
			shellPath = /bin/sh;
			shellScript = "diff \"${PODS_PODFILE_DIR_PATH}/Podfile.lock\" \"${PODS_ROOT}/Manifest.lock\" > /dev/null\nif [ $? != 0 ] ; then\n    # print error to STDERR\n    echo \"error: The sandbox is not in sync with the Podfile.lock. Run 'pod install' or update your CocoaPods installation.\" >&2\n    exit 1\nfi\n# This output is used by Xcode 'outputs' to avoid re-running this script phase.\necho \"SUCCESS\" > \"${SCRIPT_OUTPUT_FILE_0}\"\n";
			showEnvVarsInLog = 0;
		};
/* End PBXShellScriptBuildPhase section */

/* Begin PBXSourcesBuildPhase section */
		5AFBE4F325651BA10052F06E /* Sources */ = {
			isa = PBXSourcesBuildPhase;
			buildActionMask = 2147483647;
			files = (
				5AFBE50225651BA10052F06E /* ViewController.m in Sources */,
				5AFBE4FC25651BA10052F06E /* AppDelegate.m in Sources */,
				5AFBE50D25651BA40052F06E /* main.m in Sources */,
				5AFBE4FF25651BA10052F06E /* SceneDelegate.m in Sources */,
			);
			runOnlyForDeploymentPostprocessing = 0;
		};
/* End PBXSourcesBuildPhase section */

/* Begin PBXVariantGroup section */
		5AFBE50325651BA10052F06E /* Main.storyboard */ = {
			isa = PBXVariantGroup;
			children = (
				5AFBE50425651BA10052F06E /* Base */,
			);
			name = Main.storyboard;
			sourceTree = "<group>";
		};
		5AFBE50825651BA40052F06E /* LaunchScreen.storyboard */ = {
			isa = PBXVariantGroup;
			children = (
				5AFBE50925651BA40052F06E /* Base */,
			);
			name = LaunchScreen.storyboard;
			sourceTree = "<group>";
		};
/* End PBXVariantGroup section */

/* Begin XCBuildConfiguration section */
		5AFBE52425651BA50052F06E /* Debug */ = {
			isa = XCBuildConfiguration;
			buildSettings = {
				ALWAYS_SEARCH_USER_PATHS = NO;
				CLANG_ANALYZER_NONNULL = YES;
				CLANG_ANALYZER_NUMBER_OBJECT_CONVERSION = YES_AGGRESSIVE;
				CLANG_CXX_LANGUAGE_STANDARD = "gnu++14";
				CLANG_CXX_LIBRARY = "libc++";
				CLANG_ENABLE_MODULES = YES;
				CLANG_ENABLE_OBJC_ARC = YES;
				CLANG_ENABLE_OBJC_WEAK = YES;
				CLANG_WARN_BLOCK_CAPTURE_AUTORELEASING = YES;
				CLANG_WARN_BOOL_CONVERSION = YES;
				CLANG_WARN_COMMA = YES;
				CLANG_WARN_CONSTANT_CONVERSION = YES;
				CLANG_WARN_DEPRECATED_OBJC_IMPLEMENTATIONS = YES;
				CLANG_WARN_DIRECT_OBJC_ISA_USAGE = YES_ERROR;
				CLANG_WARN_DOCUMENTATION_COMMENTS = YES;
				CLANG_WARN_EMPTY_BODY = YES;
				CLANG_WARN_ENUM_CONVERSION = YES;
				CLANG_WARN_INFINITE_RECURSION = YES;
				CLANG_WARN_INT_CONVERSION = YES;
				CLANG_WARN_NON_LITERAL_NULL_CONVERSION = YES;
				CLANG_WARN_OBJC_IMPLICIT_RETAIN_SELF = YES;
				CLANG_WARN_OBJC_LITERAL_CONVERSION = YES;
				CLANG_WARN_OBJC_ROOT_CLASS = YES_ERROR;
				CLANG_WARN_QUOTED_INCLUDE_IN_FRAMEWORK_HEADER = YES;
				CLANG_WARN_RANGE_LOOP_ANALYSIS = YES;
				CLANG_WARN_STRICT_PROTOTYPES = YES;
				CLANG_WARN_SUSPICIOUS_MOVE = YES;
				CLANG_WARN_UNGUARDED_AVAILABILITY = YES_AGGRESSIVE;
				CLANG_WARN_UNREACHABLE_CODE = YES;
				CLANG_WARN__DUPLICATE_METHOD_MATCH = YES;
				COPY_PHASE_STRIP = NO;
				DEBUG_INFORMATION_FORMAT = dwarf;
				ENABLE_STRICT_OBJC_MSGSEND = YES;
				ENABLE_TESTABILITY = YES;
				GCC_C_LANGUAGE_STANDARD = gnu11;
				GCC_DYNAMIC_NO_PIC = NO;
				GCC_NO_COMMON_BLOCKS = YES;
				GCC_OPTIMIZATION_LEVEL = 0;
				GCC_PREPROCESSOR_DEFINITIONS = (
					"DEBUG=1",
					"$(inherited)",
				);
				GCC_WARN_64_TO_32_BIT_CONVERSION = YES;
				GCC_WARN_ABOUT_RETURN_TYPE = YES_ERROR;
				GCC_WARN_UNDECLARED_SELECTOR = YES;
				GCC_WARN_UNINITIALIZED_AUTOS = YES_AGGRESSIVE;
				GCC_WARN_UNUSED_FUNCTION = YES;
				GCC_WARN_UNUSED_VARIABLE = YES;
				IPHONEOS_DEPLOYMENT_TARGET = 9.0;
				MTL_ENABLE_DEBUG_INFO = INCLUDE_SOURCE;
				MTL_FAST_MATH = YES;
				ONLY_ACTIVE_ARCH = YES;
				SDKROOT = iphoneos;
			};
			name = Debug;
		};
		5AFBE52525651BA50052F06E /* Release */ = {
			isa = XCBuildConfiguration;
			buildSettings = {
				ALWAYS_SEARCH_USER_PATHS = NO;
				CLANG_ANALYZER_NONNULL = YES;
				CLANG_ANALYZER_NUMBER_OBJECT_CONVERSION = YES_AGGRESSIVE;
				CLANG_CXX_LANGUAGE_STANDARD = "gnu++14";
				CLANG_CXX_LIBRARY = "libc++";
				CLANG_ENABLE_MODULES = YES;
				CLANG_ENABLE_OBJC_ARC = YES;
				CLANG_ENABLE_OBJC_WEAK = YES;
				CLANG_WARN_BLOCK_CAPTURE_AUTORELEASING = YES;
				CLANG_WARN_BOOL_CONVERSION = YES;
				CLANG_WARN_COMMA = YES;
				CLANG_WARN_CONSTANT_CONVERSION = YES;
				CLANG_WARN_DEPRECATED_OBJC_IMPLEMENTATIONS = YES;
				CLANG_WARN_DIRECT_OBJC_ISA_USAGE = YES_ERROR;
				CLANG_WARN_DOCUMENTATION_COMMENTS = YES;
				CLANG_WARN_EMPTY_BODY = YES;
				CLANG_WARN_ENUM_CONVERSION = YES;
				CLANG_WARN_INFINITE_RECURSION = YES;
				CLANG_WARN_INT_CONVERSION = YES;
				CLANG_WARN_NON_LITERAL_NULL_CONVERSION = YES;
				CLANG_WARN_OBJC_IMPLICIT_RETAIN_SELF = YES;
				CLANG_WARN_OBJC_LITERAL_CONVERSION = YES;
				CLANG_WARN_OBJC_ROOT_CLASS = YES_ERROR;
				CLANG_WARN_QUOTED_INCLUDE_IN_FRAMEWORK_HEADER = YES;
				CLANG_WARN_RANGE_LOOP_ANALYSIS = YES;
				CLANG_WARN_STRICT_PROTOTYPES = YES;
				CLANG_WARN_SUSPICIOUS_MOVE = YES;
				CLANG_WARN_UNGUARDED_AVAILABILITY = YES_AGGRESSIVE;
				CLANG_WARN_UNREACHABLE_CODE = YES;
				CLANG_WARN__DUPLICATE_METHOD_MATCH = YES;
				COPY_PHASE_STRIP = NO;
				DEBUG_INFORMATION_FORMAT = "dwarf-with-dsym";
				ENABLE_NS_ASSERTIONS = NO;
				ENABLE_STRICT_OBJC_MSGSEND = YES;
				GCC_C_LANGUAGE_STANDARD = gnu11;
				GCC_NO_COMMON_BLOCKS = YES;
				GCC_WARN_64_TO_32_BIT_CONVERSION = YES;
				GCC_WARN_ABOUT_RETURN_TYPE = YES_ERROR;
				GCC_WARN_UNDECLARED_SELECTOR = YES;
				GCC_WARN_UNINITIALIZED_AUTOS = YES_AGGRESSIVE;
				GCC_WARN_UNUSED_FUNCTION = YES;
				GCC_WARN_UNUSED_VARIABLE = YES;
				IPHONEOS_DEPLOYMENT_TARGET = 9.0;
				MTL_ENABLE_DEBUG_INFO = NO;
				MTL_FAST_MATH = YES;
				SDKROOT = iphoneos;
				VALIDATE_PRODUCT = YES;
			};
			name = Release;
		};
		5AFBE52725651BA50052F06E /* Debug */ = {
			isa = XCBuildConfiguration;
			baseConfigurationReference = A416FA4C8E1AF96ECEAE3CE8 /* Pods-CommonPods-quickdemo-callkit.debug.xcconfig */;
			buildSettings = {
				ASSETCATALOG_COMPILER_APPICON_NAME = AppIcon;
				ASSETCATALOG_COMPILER_GLOBAL_ACCENT_COLOR_NAME = AccentColor;
				CODE_SIGN_STYLE = Automatic;
				DEVELOPMENT_TEAM = 9CVMN4UZK4;
				ENABLE_BITCODE = NO;
				INFOPLIST_FILE = "quickdemo-callKit/Info.plist";
				LD_RUNPATH_SEARCH_PATHS = (
					"$(inherited)",
					"@executable_path/Frameworks",
				);
				PRODUCT_BUNDLE_IDENTIFIER = cn.rongcloud.RTCQuickStartDemo;
				PRODUCT_NAME = "$(TARGET_NAME)";
				TARGETED_DEVICE_FAMILY = "1,2";
			};
			name = Debug;
		};
		5AFBE52825651BA50052F06E /* Release */ = {
			isa = XCBuildConfiguration;
			baseConfigurationReference = F9ECB1A61CE9E094B7C39CC0 /* Pods-CommonPods-quickdemo-callkit.release.xcconfig */;
			buildSettings = {
				ASSETCATALOG_COMPILER_APPICON_NAME = AppIcon;
				ASSETCATALOG_COMPILER_GLOBAL_ACCENT_COLOR_NAME = AccentColor;
				CODE_SIGN_STYLE = Automatic;
				DEVELOPMENT_TEAM = 9CVMN4UZK4;
				ENABLE_BITCODE = NO;
				INFOPLIST_FILE = "quickdemo-callKit/Info.plist";
				LD_RUNPATH_SEARCH_PATHS = (
					"$(inherited)",
					"@executable_path/Frameworks",
				);
				PRODUCT_BUNDLE_IDENTIFIER = cn.rongcloud.RTCQuickStartDemo;
				PRODUCT_NAME = "$(TARGET_NAME)";
				TARGETED_DEVICE_FAMILY = "1,2";
			};
			name = Release;
		};
/* End XCBuildConfiguration section */

/* Begin XCConfigurationList section */
		5AFBE4F225651BA10052F06E /* Build configuration list for PBXProject "quickdemo-callkit" */ = {
			isa = XCConfigurationList;
			buildConfigurations = (
				5AFBE52425651BA50052F06E /* Debug */,
				5AFBE52525651BA50052F06E /* Release */,
			);
			defaultConfigurationIsVisible = 0;
			defaultConfigurationName = Release;
		};
		5AFBE52625651BA50052F06E /* Build configuration list for PBXNativeTarget "quickdemo-callkit" */ = {
			isa = XCConfigurationList;
			buildConfigurations = (
				5AFBE52725651BA50052F06E /* Debug */,
				5AFBE52825651BA50052F06E /* Release */,
			);
			defaultConfigurationIsVisible = 0;
			defaultConfigurationName = Release;
		};
/* End XCConfigurationList section */
	};
	rootObject = 5AFBE4EF25651BA10052F06E /* Project object */;
}
