// !$*UTF8*$!
{
	archiveVersion = 1;
	classes = {
	};
	objectVersion = 51;
	objects = {

/* Begin PBXBuildFile section */
		187F9E302628504A002E5288 /* LiveMixStreamTool.m in Sources */ = {isa = PBXBuildFile; fileRef = 187F9E2A2628504A002E5288 /* LiveMixStreamTool.m */; };
		187F9E312628504A002E5288 /* LiveVideoLayoutTool.m in Sources */ = {isa = PBXBuildFile; fileRef = 187F9E2B2628504A002E5288 /* LiveVideoLayoutTool.m */; };
		187F9E322628504A002E5288 /* LiveStreamVideo.m in Sources */ = {isa = PBXBuildFile; fileRef = 187F9E2D2628504A002E5288 /* LiveStreamVideo.m */; };
		187F9E36262850B2002E5288 /* UIAlertController+RCRTC.m in Sources */ = {isa = PBXBuildFile; fileRef = 187F9E35262850B2002E5288 /* UIAlertController+RCRTC.m */; };
		4F91E0A226326B7000D17B1F /* RCRTCFileSource.m in Sources */ = {isa = PBXBuildFile; fileRef = 4F91E0A026326B7000D17B1F /* RCRTCFileSource.m */; };
		4F91E0A326326B7000D17B1F /* video_demo1_low.mp4 in Resources */ = {isa = PBXBuildFile; fileRef = 4F91E0A126326B7000D17B1F /* video_demo1_low.mp4 */; };
		51CCEF81F36ED330D24961D4 /* Pods_RCRTCQuickDemo.framework in Frameworks */ = {isa = PBXBuildFile; fileRef = 89EB5836CE093514087DD774 /* Pods_RCRTCQuickDemo.framework */; };
		DD24DF44261EAAD800DC4665 /* Constant.m in Sources */ = {isa = PBXBuildFile; fileRef = DD24DF43261EAAD800DC4665 /* Constant.m */; };
		DD24DF53261EEB3900DC4665 /* MeetingCreateViewController.m in Sources */ = {isa = PBXBuildFile; fileRef = DD24DF51261EEB3900DC4665 /* MeetingCreateViewController.m */; };
		DD24DF5A261EEB5A00DC4665 /* HomeViewController.m in Sources */ = {isa = PBXBuildFile; fileRef = DD24DF58261EEB5A00DC4665 /* HomeViewController.m */; };
		DD24DF6D261EFC1700DC4665 /* RequestToken.m in Sources */ = {isa = PBXBuildFile; fileRef = DD24DF6C261EFC1700DC4665 /* RequestToken.m */; };
		DD24DFE426202F5100DC4665 /* MeetingViewController.m in Sources */ = {isa = PBXBuildFile; fileRef = DD24DFE226202F5100DC4665 /* MeetingViewController.m */; };
		DD24DFF0262045C000DC4665 /* Meeting.storyboard in Resources */ = {isa = PBXBuildFile; fileRef = DD24DFEF262045C000DC4665 /* Meeting.storyboard */; };
		DD59DE01262D5BCD00A0C940 /* CallKit.storyboard in Resources */ = {isa = PBXBuildFile; fileRef = DD59DE00262D5BCD00A0C940 /* CallKit.storyboard */; };
		DD59DE05262D5BD900A0C940 /* CallKitViewController.m in Sources */ = {isa = PBXBuildFile; fileRef = DD59DE04262D5BD900A0C940 /* CallKitViewController.m */; };
		DD59DE60262EEC5000A0C940 /* HomeTableViewCell.m in Sources */ = {isa = PBXBuildFile; fileRef = DD59DE5F262EEC5000A0C940 /* HomeTableViewCell.m */; };
		DD59DE64262EF19300A0C940 /* RCRTCList.plist in Resources */ = {isa = PBXBuildFile; fileRef = DD59DE63262EF19300A0C940 /* RCRTCList.plist */; };
		DD59DE73262FC1A500A0C940 /* GPUImageOutputCamera.m in Sources */ = {isa = PBXBuildFile; fileRef = DD59DE70262FC1A500A0C940 /* GPUImageOutputCamera.m */; };
		DD59DE74262FC1A500A0C940 /* GPUImageHandle.m in Sources */ = {isa = PBXBuildFile; fileRef = DD59DE71262FC1A500A0C940 /* GPUImageHandle.m */; };
		DD59DE75262FC1A500A0C940 /* GPUImageBeautyFilter.m in Sources */ = {isa = PBXBuildFile; fileRef = DD59DE72262FC1A500A0C940 /* GPUImageBeautyFilter.m */; };
		DD59DE78262FC1B800A0C940 /* GPUImage.framework in Frameworks */ = {isa = PBXBuildFile; fileRef = DD59DE77262FC1B800A0C940 /* GPUImage.framework */; };
		DD81211C261DC26B00AF7D35 /* AppDelegate.m in Sources */ = {isa = PBXBuildFile; fileRef = DD81211B261DC26B00AF7D35 /* AppDelegate.m */; };
		DD812125261DC26B00AF7D35 /* Login.storyboard in Resources */ = {isa = PBXBuildFile; fileRef = DD812123261DC26B00AF7D35 /* Login.storyboard */; };
		DD812127261DC26F00AF7D35 /* Assets.xcassets in Resources */ = {isa = PBXBuildFile; fileRef = DD812126261DC26F00AF7D35 /* Assets.xcassets */; };
		DD81212A261DC26F00AF7D35 /* LaunchScreen.storyboard in Resources */ = {isa = PBXBuildFile; fileRef = DD812128261DC26F00AF7D35 /* LaunchScreen.storyboard */; };
		DD81212D261DC26F00AF7D35 /* main.m in Sources */ = {isa = PBXBuildFile; fileRef = DD81212C261DC26F00AF7D35 /* main.m */; };
		DD812138261DC32900AF7D35 /* LoginViewController.m in Sources */ = {isa = PBXBuildFile; fileRef = DD812137261DC32900AF7D35 /* LoginViewController.m */; };
		DDCBC07B263105CE006C7C7D /* MeetingCryptoImpl.m in Sources */ = {isa = PBXBuildFile; fileRef = DDCBC07A263105CE006C7C7D /* MeetingCryptoImpl.m */; };
		DDEC583726270E810067D692 /* LiveCreateViewController.m in Sources */ = {isa = PBXBuildFile; fileRef = DDEC583626270E810067D692 /* LiveCreateViewController.m */; };
		DDEC583C26270ECA0067D692 /* LiveViewController.m in Sources */ = {isa = PBXBuildFile; fileRef = DDEC583B26270ECA0067D692 /* LiveViewController.m */; };
		DDEC583F26270EDA0067D692 /* Live.storyboard in Resources */ = {isa = PBXBuildFile; fileRef = DDEC583E26270EDA0067D692 /* Live.storyboard */; };
		DDEC58472627EC120067D692 /* CallLibViewController.m in Sources */ = {isa = PBXBuildFile; fileRef = DDEC58462627EC120067D692 /* CallLibViewController.m */; };
		DDEC584B2627EC290067D692 /* CallLib.storyboard in Resources */ = {isa = PBXBuildFile; fileRef = DDEC584A2627EC290067D692 /* CallLib.storyboard */; };
/* End PBXBuildFile section */

/* Begin PBXFileReference section */
		187F9E2A2628504A002E5288 /* LiveMixStreamTool.m */ = {isa = PBXFileReference; fileEncoding = 4; lastKnownFileType = sourcecode.c.objc; path = LiveMixStreamTool.m; sourceTree = "<group>"; };
		187F9E2B2628504A002E5288 /* LiveVideoLayoutTool.m */ = {isa = PBXFileReference; fileEncoding = 4; lastKnownFileType = sourcecode.c.objc; path = LiveVideoLayoutTool.m; sourceTree = "<group>"; };
		187F9E2C2628504A002E5288 /* LiveMixStreamTool.h */ = {isa = PBXFileReference; fileEncoding = 4; lastKnownFileType = sourcecode.c.h; path = LiveMixStreamTool.h; sourceTree = "<group>"; };
		187F9E2D2628504A002E5288 /* LiveStreamVideo.m */ = {isa = PBXFileReference; fileEncoding = 4; lastKnownFileType = sourcecode.c.objc; path = LiveStreamVideo.m; sourceTree = "<group>"; };
		187F9E2E2628504A002E5288 /* LiveVideoLayoutTool.h */ = {isa = PBXFileReference; fileEncoding = 4; lastKnownFileType = sourcecode.c.h; path = LiveVideoLayoutTool.h; sourceTree = "<group>"; };
		187F9E2F2628504A002E5288 /* LiveStreamVideo.h */ = {isa = PBXFileReference; fileEncoding = 4; lastKnownFileType = sourcecode.c.h; path = LiveStreamVideo.h; sourceTree = "<group>"; };
		187F9E34262850B2002E5288 /* UIAlertController+RCRTC.h */ = {isa = PBXFileReference; fileEncoding = 4; lastKnownFileType = sourcecode.c.h; path = "UIAlertController+RCRTC.h"; sourceTree = "<group>"; };
		187F9E35262850B2002E5288 /* UIAlertController+RCRTC.m */ = {isa = PBXFileReference; fileEncoding = 4; lastKnownFileType = sourcecode.c.objc; path = "UIAlertController+RCRTC.m"; sourceTree = "<group>"; };
		4F91E09F26326B7000D17B1F /* RCRTCFileSource.h */ = {isa = PBXFileReference; fileEncoding = 4; lastKnownFileType = sourcecode.c.h; path = RCRTCFileSource.h; sourceTree = "<group>"; };
		4F91E0A026326B7000D17B1F /* RCRTCFileSource.m */ = {isa = PBXFileReference; fileEncoding = 4; lastKnownFileType = sourcecode.c.objc; path = RCRTCFileSource.m; sourceTree = "<group>"; };
		4F91E0A126326B7000D17B1F /* video_demo1_low.mp4 */ = {isa = PBXFileReference; lastKnownFileType = file; path = video_demo1_low.mp4; sourceTree = "<group>"; };
		89EB5836CE093514087DD774 /* Pods_RCRTCQuickDemo.framework */ = {isa = PBXFileReference; explicitFileType = wrapper.framework; includeInIndex = 0; path = Pods_RCRTCQuickDemo.framework; sourceTree = BUILT_PRODUCTS_DIR; };
		971EBA1398449987D6131A1B /* Pods-RCRTCQuickDemo.debug.xcconfig */ = {isa = PBXFileReference; includeInIndex = 1; lastKnownFileType = text.xcconfig; name = "Pods-RCRTCQuickDemo.debug.xcconfig"; path = "Target Support Files/Pods-RCRTCQuickDemo/Pods-RCRTCQuickDemo.debug.xcconfig"; sourceTree = "<group>"; };
		DD24DF42261EAAD800DC4665 /* Constant.h */ = {isa = PBXFileReference; lastKnownFileType = sourcecode.c.h; path = Constant.h; sourceTree = "<group>"; };
		DD24DF43261EAAD800DC4665 /* Constant.m */ = {isa = PBXFileReference; lastKnownFileType = sourcecode.c.objc; path = Constant.m; sourceTree = "<group>"; };
		DD24DF50261EEB3900DC4665 /* MeetingCreateViewController.h */ = {isa = PBXFileReference; lastKnownFileType = sourcecode.c.h; path = MeetingCreateViewController.h; sourceTree = "<group>"; };
		DD24DF51261EEB3900DC4665 /* MeetingCreateViewController.m */ = {isa = PBXFileReference; lastKnownFileType = sourcecode.c.objc; path = MeetingCreateViewController.m; sourceTree = "<group>"; };
		DD24DF57261EEB5A00DC4665 /* HomeViewController.h */ = {isa = PBXFileReference; lastKnownFileType = sourcecode.c.h; path = HomeViewController.h; sourceTree = "<group>"; };
		DD24DF58261EEB5A00DC4665 /* HomeViewController.m */ = {isa = PBXFileReference; lastKnownFileType = sourcecode.c.objc; path = HomeViewController.m; sourceTree = "<group>"; };
		DD24DF6B261EFC1700DC4665 /* RequestToken.h */ = {isa = PBXFileReference; lastKnownFileType = sourcecode.c.h; path = RequestToken.h; sourceTree = "<group>"; };
		DD24DF6C261EFC1700DC4665 /* RequestToken.m */ = {isa = PBXFileReference; lastKnownFileType = sourcecode.c.objc; path = RequestToken.m; sourceTree = "<group>"; };
		DD24DFE126202F5100DC4665 /* MeetingViewController.h */ = {isa = PBXFileReference; lastKnownFileType = sourcecode.c.h; path = MeetingViewController.h; sourceTree = "<group>"; };
		DD24DFE226202F5100DC4665 /* MeetingViewController.m */ = {isa = PBXFileReference; lastKnownFileType = sourcecode.c.objc; path = MeetingViewController.m; sourceTree = "<group>"; };
		DD24DFEF262045C000DC4665 /* Meeting.storyboard */ = {isa = PBXFileReference; lastKnownFileType = file.storyboard; path = Meeting.storyboard; sourceTree = "<group>"; };
		DD59DE00262D5BCD00A0C940 /* CallKit.storyboard */ = {isa = PBXFileReference; lastKnownFileType = file.storyboard; path = CallKit.storyboard; sourceTree = "<group>"; };
		DD59DE03262D5BD900A0C940 /* CallKitViewController.h */ = {isa = PBXFileReference; lastKnownFileType = sourcecode.c.h; path = CallKitViewController.h; sourceTree = "<group>"; };
		DD59DE04262D5BD900A0C940 /* CallKitViewController.m */ = {isa = PBXFileReference; lastKnownFileType = sourcecode.c.objc; path = CallKitViewController.m; sourceTree = "<group>"; };
		DD59DE5E262EEC5000A0C940 /* HomeTableViewCell.h */ = {isa = PBXFileReference; lastKnownFileType = sourcecode.c.h; path = HomeTableViewCell.h; sourceTree = "<group>"; };
		DD59DE5F262EEC5000A0C940 /* HomeTableViewCell.m */ = {isa = PBXFileReference; lastKnownFileType = sourcecode.c.objc; path = HomeTableViewCell.m; sourceTree = "<group>"; };
		DD59DE63262EF19300A0C940 /* RCRTCList.plist */ = {isa = PBXFileReference; lastKnownFileType = text.plist.xml; path = RCRTCList.plist; sourceTree = "<group>"; };
		DD59DE6D262FC1A500A0C940 /* GPUImageOutputCamera.h */ = {isa = PBXFileReference; fileEncoding = 4; lastKnownFileType = sourcecode.c.h; path = GPUImageOutputCamera.h; sourceTree = "<group>"; };
		DD59DE6E262FC1A500A0C940 /* GPUImageHandle.h */ = {isa = PBXFileReference; fileEncoding = 4; lastKnownFileType = sourcecode.c.h; path = GPUImageHandle.h; sourceTree = "<group>"; };
		DD59DE6F262FC1A500A0C940 /* GPUImageBeautyFilter.h */ = {isa = PBXFileReference; fileEncoding = 4; lastKnownFileType = sourcecode.c.h; path = GPUImageBeautyFilter.h; sourceTree = "<group>"; };
		DD59DE70262FC1A500A0C940 /* GPUImageOutputCamera.m */ = {isa = PBXFileReference; fileEncoding = 4; lastKnownFileType = sourcecode.c.objc; path = GPUImageOutputCamera.m; sourceTree = "<group>"; };
		DD59DE71262FC1A500A0C940 /* GPUImageHandle.m */ = {isa = PBXFileReference; fileEncoding = 4; lastKnownFileType = sourcecode.c.objc; path = GPUImageHandle.m; sourceTree = "<group>"; };
		DD59DE72262FC1A500A0C940 /* GPUImageBeautyFilter.m */ = {isa = PBXFileReference; fileEncoding = 4; lastKnownFileType = sourcecode.c.objc; path = GPUImageBeautyFilter.m; sourceTree = "<group>"; };
		DD59DE77262FC1B800A0C940 /* GPUImage.framework */ = {isa = PBXFileReference; lastKnownFileType = wrapper.framework; path = GPUImage.framework; sourceTree = "<group>"; };
		DD812117261DC26B00AF7D35 /* RCRTCQuickDemo.app */ = {isa = PBXFileReference; explicitFileType = wrapper.application; includeInIndex = 0; path = RCRTCQuickDemo.app; sourceTree = BUILT_PRODUCTS_DIR; };
		DD81211A261DC26B00AF7D35 /* AppDelegate.h */ = {isa = PBXFileReference; lastKnownFileType = sourcecode.c.h; path = AppDelegate.h; sourceTree = "<group>"; };
		DD81211B261DC26B00AF7D35 /* AppDelegate.m */ = {isa = PBXFileReference; lastKnownFileType = sourcecode.c.objc; path = AppDelegate.m; sourceTree = "<group>"; };
		DD812124261DC26B00AF7D35 /* Base */ = {isa = PBXFileReference; lastKnownFileType = file.storyboard; name = Base; path = Base.lproj/Login.storyboard; sourceTree = "<group>"; };
		DD812126261DC26F00AF7D35 /* Assets.xcassets */ = {isa = PBXFileReference; lastKnownFileType = folder.assetcatalog; path = Assets.xcassets; sourceTree = "<group>"; };
		DD812129261DC26F00AF7D35 /* Base */ = {isa = PBXFileReference; lastKnownFileType = file.storyboard; name = Base; path = Base.lproj/LaunchScreen.storyboard; sourceTree = "<group>"; };
		DD81212B261DC26F00AF7D35 /* Info.plist */ = {isa = PBXFileReference; lastKnownFileType = text.plist.xml; path = Info.plist; sourceTree = "<group>"; };
		DD81212C261DC26F00AF7D35 /* main.m */ = {isa = PBXFileReference; lastKnownFileType = sourcecode.c.objc; path = main.m; sourceTree = "<group>"; };
		DD812136261DC32900AF7D35 /* LoginViewController.h */ = {isa = PBXFileReference; lastKnownFileType = sourcecode.c.h; path = LoginViewController.h; sourceTree = "<group>"; };
		DD812137261DC32900AF7D35 /* LoginViewController.m */ = {isa = PBXFileReference; lastKnownFileType = sourcecode.c.objc; path = LoginViewController.m; sourceTree = "<group>"; };
		DDCBC079263105CE006C7C7D /* MeetingCryptoImpl.h */ = {isa = PBXFileReference; lastKnownFileType = sourcecode.c.h; path = MeetingCryptoImpl.h; sourceTree = "<group>"; };
		DDCBC07A263105CE006C7C7D /* MeetingCryptoImpl.m */ = {isa = PBXFileReference; lastKnownFileType = sourcecode.c.objc; path = MeetingCryptoImpl.m; sourceTree = "<group>"; };
		DDEC583526270E810067D692 /* LiveCreateViewController.h */ = {isa = PBXFileReference; lastKnownFileType = sourcecode.c.h; path = LiveCreateViewController.h; sourceTree = "<group>"; };
		DDEC583626270E810067D692 /* LiveCreateViewController.m */ = {isa = PBXFileReference; lastKnownFileType = sourcecode.c.objc; path = LiveCreateViewController.m; sourceTree = "<group>"; };
		DDEC583A26270ECA0067D692 /* LiveViewController.h */ = {isa = PBXFileReference; lastKnownFileType = sourcecode.c.h; path = LiveViewController.h; sourceTree = "<group>"; };
		DDEC583B26270ECA0067D692 /* LiveViewController.m */ = {isa = PBXFileReference; lastKnownFileType = sourcecode.c.objc; path = LiveViewController.m; sourceTree = "<group>"; };
		DDEC583E26270EDA0067D692 /* Live.storyboard */ = {isa = PBXFileReference; lastKnownFileType = file.storyboard; path = Live.storyboard; sourceTree = "<group>"; };
		DDEC58452627EC120067D692 /* CallLibViewController.h */ = {isa = PBXFileReference; lastKnownFileType = sourcecode.c.h; path = CallLibViewController.h; sourceTree = "<group>"; };
		DDEC58462627EC120067D692 /* CallLibViewController.m */ = {isa = PBXFileReference; lastKnownFileType = sourcecode.c.objc; path = CallLibViewController.m; sourceTree = "<group>"; };
		DDEC584A2627EC290067D692 /* CallLib.storyboard */ = {isa = PBXFileReference; lastKnownFileType = file.storyboard; path = CallLib.storyboard; sourceTree = "<group>"; };
		DE3564F81C055A832EE564F2 /* Pods-RCRTCQuickDemo.release.xcconfig */ = {isa = PBXFileReference; includeInIndex = 1; lastKnownFileType = text.xcconfig; name = "Pods-RCRTCQuickDemo.release.xcconfig"; path = "Target Support Files/Pods-RCRTCQuickDemo/Pods-RCRTCQuickDemo.release.xcconfig"; sourceTree = "<group>"; };
/* End PBXFileReference section */

/* Begin PBXFrameworksBuildPhase section */
		DD812114261DC26B00AF7D35 /* Frameworks */ = {
			isa = PBXFrameworksBuildPhase;
			buildActionMask = 2147483647;
			files = (
				51CCEF81F36ED330D24961D4 /* Pods_RCRTCQuickDemo.framework in Frameworks */,
				DD59DE78262FC1B800A0C940 /* GPUImage.framework in Frameworks */,
			);
			runOnlyForDeploymentPostprocessing = 0;
		};
/* End PBXFrameworksBuildPhase section */

/* Begin PBXGroup section */
		AE23833E4788BB5B11B8782D /* Pods */ = {
			isa = PBXGroup;
			children = (
				971EBA1398449987D6131A1B /* Pods-RCRTCQuickDemo.debug.xcconfig */,
				DE3564F81C055A832EE564F2 /* Pods-RCRTCQuickDemo.release.xcconfig */,
			);
			path = Pods;
			sourceTree = "<group>";
		};
		DD24DF32261E9C0100DC4665 /* Constant */ = {
			isa = PBXGroup;
			children = (
				DD24DF42261EAAD800DC4665 /* Constant.h */,
				DD24DF43261EAAD800DC4665 /* Constant.m */,
			);
			path = Constant;
			sourceTree = "<group>";
		};
		DD24DF56261EEB4600DC4665 /* Home */ = {
			isa = PBXGroup;
			children = (
				DD24DF57261EEB5A00DC4665 /* HomeViewController.h */,
				DD24DF58261EEB5A00DC4665 /* HomeViewController.m */,
				DD59DE5E262EEC5000A0C940 /* HomeTableViewCell.h */,
				DD59DE5F262EEC5000A0C940 /* HomeTableViewCell.m */,
				DD812136261DC32900AF7D35 /* LoginViewController.h */,
				DD812137261DC32900AF7D35 /* LoginViewController.m */,
				DD812123261DC26B00AF7D35 /* Login.storyboard */,
			);
			path = Home;
			sourceTree = "<group>";
		};
		DD24DF6A261EFBF300DC4665 /* Request */ = {
			isa = PBXGroup;
			children = (
				DD24DF6B261EFC1700DC4665 /* RequestToken.h */,
				DD24DF6C261EFC1700DC4665 /* RequestToken.m */,
			);
			path = Request;
			sourceTree = "<group>";
		};
		DD4C6CEF2626C68900408C19 /* Tool */ = {
			isa = PBXGroup;
			children = (
				DD4C6CF02626C6D600408C19 /* Category */,
				DD24DF6A261EFBF300DC4665 /* Request */,
				DD24DF32261E9C0100DC4665 /* Constant */,
			);
			path = Tool;
			sourceTree = "<group>";
		};
		DD4C6CF02626C6D600408C19 /* Category */ = {
			isa = PBXGroup;
			children = (
				187F9E34262850B2002E5288 /* UIAlertController+RCRTC.h */,
				187F9E35262850B2002E5288 /* UIAlertController+RCRTC.m */,
			);
			path = Category;
			sourceTree = "<group>";
		};
		DD59DDFD262D2C9A00A0C940 /* CallKit */ = {
			isa = PBXGroup;
			children = (
				DD59DE03262D5BD900A0C940 /* CallKitViewController.h */,
				DD59DE04262D5BD900A0C940 /* CallKitViewController.m */,
				DD59DE00262D5BCD00A0C940 /* CallKit.storyboard */,
			);
			path = CallKit;
			sourceTree = "<group>";
		};
		DD59DE6C262FC1A500A0C940 /* GPUImage */ = {
			isa = PBXGroup;
			children = (
				DD59DE6D262FC1A500A0C940 /* GPUImageOutputCamera.h */,
				DD59DE6E262FC1A500A0C940 /* GPUImageHandle.h */,
				DD59DE6F262FC1A500A0C940 /* GPUImageBeautyFilter.h */,
				DD59DE70262FC1A500A0C940 /* GPUImageOutputCamera.m */,
				DD59DE71262FC1A500A0C940 /* GPUImageHandle.m */,
				DD59DE72262FC1A500A0C940 /* GPUImageBeautyFilter.m */,
			);
			path = GPUImage;
			sourceTree = "<group>";
		};
		DD81210E261DC26B00AF7D35 = {
			isa = PBXGroup;
			children = (
				DD59DDFD262D2C9A00A0C940 /* CallKit */,
				DDEC58412627E43B0067D692 /* CallLib */,
				DDEC58132626DBF80067D692 /* Live */,
				DD812148261DCC4600AF7D35 /* Meeting1v1 */,
				DD812119261DC26B00AF7D35 /* RCRTCQuickDemo */,
				DD812118261DC26B00AF7D35 /* Products */,
				AE23833E4788BB5B11B8782D /* Pods */,
				FEC3B326876A92E37BD3485E /* Frameworks */,
			);
			sourceTree = "<group>";
		};
		DD812118261DC26B00AF7D35 /* Products */ = {
			isa = PBXGroup;
			children = (
				DD812117261DC26B00AF7D35 /* RCRTCQuickDemo.app */,
			);
			name = Products;
			sourceTree = "<group>";
		};
		DD812119261DC26B00AF7D35 /* RCRTCQuickDemo */ = {
			isa = PBXGroup;
			children = (
				DD81211A261DC26B00AF7D35 /* AppDelegate.h */,
				DD81211B261DC26B00AF7D35 /* AppDelegate.m */,
				DD24DF56261EEB4600DC4665 /* Home */,
				DD4C6CEF2626C68900408C19 /* Tool */,
				DD812126261DC26F00AF7D35 /* Assets.xcassets */,
				DD812128261DC26F00AF7D35 /* LaunchScreen.storyboard */,
				DD81212B261DC26F00AF7D35 /* Info.plist */,
				DD81212C261DC26F00AF7D35 /* main.m */,
				DD59DE63262EF19300A0C940 /* RCRTCList.plist */,
			);
			path = RCRTCQuickDemo;
			sourceTree = "<group>";
		};
		DD812148261DCC4600AF7D35 /* Meeting1v1 */ = {
			isa = PBXGroup;
			children = (
				DD24DF50261EEB3900DC4665 /* MeetingCreateViewController.h */,
				DD24DF51261EEB3900DC4665 /* MeetingCreateViewController.m */,
				DD24DFE126202F5100DC4665 /* MeetingViewController.h */,
				DD24DFE226202F5100DC4665 /* MeetingViewController.m */,
				DDCBC079263105CE006C7C7D /* MeetingCryptoImpl.h */,
				DDCBC07A263105CE006C7C7D /* MeetingCryptoImpl.m */,
				DD24DFEF262045C000DC4665 /* Meeting.storyboard */,
			);
			path = Meeting1v1;
			sourceTree = "<group>";
		};
		DDEC58132626DBF80067D692 /* Live */ = {
			isa = PBXGroup;
			children = (
				4F91E09F26326B7000D17B1F /* RCRTCFileSource.h */,
				4F91E0A026326B7000D17B1F /* RCRTCFileSource.m */,
				4F91E0A126326B7000D17B1F /* video_demo1_low.mp4 */,
				DD59DE6C262FC1A500A0C940 /* GPUImage */,
				187F9E2C2628504A002E5288 /* LiveMixStreamTool.h */,
				187F9E2A2628504A002E5288 /* LiveMixStreamTool.m */,
				187F9E2F2628504A002E5288 /* LiveStreamVideo.h */,
				187F9E2D2628504A002E5288 /* LiveStreamVideo.m */,
				187F9E2E2628504A002E5288 /* LiveVideoLayoutTool.h */,
				187F9E2B2628504A002E5288 /* LiveVideoLayoutTool.m */,
				DDEC583526270E810067D692 /* LiveCreateViewController.h */,
				DDEC583626270E810067D692 /* LiveCreateViewController.m */,
				DDEC583A26270ECA0067D692 /* LiveViewController.h */,
				DDEC583B26270ECA0067D692 /* LiveViewController.m */,
				DDEC583E26270EDA0067D692 /* Live.storyboard */,
			);
			path = Live;
			sourceTree = "<group>";
		};
		DDEC58412627E43B0067D692 /* CallLib */ = {
			isa = PBXGroup;
			children = (
				DDEC58452627EC120067D692 /* CallLibViewController.h */,
				DDEC58462627EC120067D692 /* CallLibViewController.m */,
				DDEC584A2627EC290067D692 /* CallLib.storyboard */,
			);
			path = CallLib;
			sourceTree = "<group>";
		};
		FEC3B326876A92E37BD3485E /* Frameworks */ = {
			isa = PBXGroup;
			children = (
				DD59DE77262FC1B800A0C940 /* GPUImage.framework */,
				89EB5836CE093514087DD774 /* Pods_RCRTCQuickDemo.framework */,
			);
			name = Frameworks;
			sourceTree = "<group>";
		};
/* End PBXGroup section */

/* Begin PBXNativeTarget section */
		DD812116261DC26B00AF7D35 /* RCRTCQuickDemo */ = {
			isa = PBXNativeTarget;
			buildConfigurationList = DD812130261DC26F00AF7D35 /* Build configuration list for PBXNativeTarget "RCRTCQuickDemo" */;
			buildPhases = (
				70ED4DC6D0B12506C0054B71 /* [CP] Check Pods Manifest.lock */,
				DD812113261DC26B00AF7D35 /* Sources */,
				DD812114261DC26B00AF7D35 /* Frameworks */,
				DD812115261DC26B00AF7D35 /* Resources */,
				51B46FD61753CAAB2A0A3E02 /* [CP] Embed Pods Frameworks */,
				10A53109935367D704B8FC4D /* [CP] Copy Pods Resources */,
			);
			buildRules = (
			);
			dependencies = (
			);
			name = RCRTCQuickDemo;
			productName = RCRTCQuickDemo;
			productReference = DD812117261DC26B00AF7D35 /* RCRTCQuickDemo.app */;
			productType = "com.apple.product-type.application";
		};
/* End PBXNativeTarget section */

/* Begin PBXProject section */
		DD81210F261DC26B00AF7D35 /* Project object */ = {
			isa = PBXProject;
			attributes = {
				LastUpgradeCheck = 1230;
				TargetAttributes = {
					DD812116261DC26B00AF7D35 = {
						CreatedOnToolsVersion = 12.3;
					};
				};
			};
			buildConfigurationList = DD812112261DC26B00AF7D35 /* Build configuration list for PBXProject "RCRTCQuickDemo" */;
			compatibilityVersion = "Xcode 9.3";
			developmentRegion = en;
			hasScannedForEncodings = 0;
			knownRegions = (
				en,
				Base,
			);
			mainGroup = DD81210E261DC26B00AF7D35;
			productRefGroup = DD812118261DC26B00AF7D35 /* Products */;
			projectDirPath = "";
			projectRoot = "";
			targets = (
				DD812116261DC26B00AF7D35 /* RCRTCQuickDemo */,
			);
		};
/* End PBXProject section */

/* Begin PBXResourcesBuildPhase section */
		DD812115261DC26B00AF7D35 /* Resources */ = {
			isa = PBXResourcesBuildPhase;
			buildActionMask = 2147483647;
			files = (
				DD81212A261DC26F00AF7D35 /* LaunchScreen.storyboard in Resources */,
				DDEC584B2627EC290067D692 /* CallLib.storyboard in Resources */,
				DDEC583F26270EDA0067D692 /* Live.storyboard in Resources */,
				DD59DE64262EF19300A0C940 /* RCRTCList.plist in Resources */,
				4F91E0A326326B7000D17B1F /* video_demo1_low.mp4 in Resources */,
				DD812127261DC26F00AF7D35 /* Assets.xcassets in Resources */,
				DD24DFF0262045C000DC4665 /* Meeting.storyboard in Resources */,
				DD59DE01262D5BCD00A0C940 /* CallKit.storyboard in Resources */,
				DD812125261DC26B00AF7D35 /* Login.storyboard in Resources */,
			);
			runOnlyForDeploymentPostprocessing = 0;
		};
/* End PBXResourcesBuildPhase section */

/* Begin PBXShellScriptBuildPhase section */
		10A53109935367D704B8FC4D /* [CP] Copy Pods Resources */ = {
			isa = PBXShellScriptBuildPhase;
			buildActionMask = 2147483647;
			files = (
			);
			inputFileListPaths = (
				"${PODS_ROOT}/Target Support Files/Pods-RCRTCQuickDemo/Pods-RCRTCQuickDemo-resources-${CONFIGURATION}-input-files.xcfilelist",
			);
			name = "[CP] Copy Pods Resources";
			outputFileListPaths = (
				"${PODS_ROOT}/Target Support Files/Pods-RCRTCQuickDemo/Pods-RCRTCQuickDemo-resources-${CONFIGURATION}-output-files.xcfilelist",
			);
			runOnlyForDeploymentPostprocessing = 0;
			shellPath = /bin/sh;
			shellScript = "\"${PODS_ROOT}/Target Support Files/Pods-RCRTCQuickDemo/Pods-RCRTCQuickDemo-resources.sh\"\n";
			showEnvVarsInLog = 0;
		};
		51B46FD61753CAAB2A0A3E02 /* [CP] Embed Pods Frameworks */ = {
			isa = PBXShellScriptBuildPhase;
			buildActionMask = 2147483647;
			files = (
			);
			inputFileListPaths = (
				"${PODS_ROOT}/Target Support Files/Pods-RCRTCQuickDemo/Pods-RCRTCQuickDemo-frameworks-${CONFIGURATION}-input-files.xcfilelist",
			);
			name = "[CP] Embed Pods Frameworks";
			outputFileListPaths = (
				"${PODS_ROOT}/Target Support Files/Pods-RCRTCQuickDemo/Pods-RCRTCQuickDemo-frameworks-${CONFIGURATION}-output-files.xcfilelist",
			);
			runOnlyForDeploymentPostprocessing = 0;
			shellPath = /bin/sh;
			shellScript = "\"${PODS_ROOT}/Target Support Files/Pods-RCRTCQuickDemo/Pods-RCRTCQuickDemo-frameworks.sh\"\n";
			showEnvVarsInLog = 0;
		};
		70ED4DC6D0B12506C0054B71 /* [CP] Check Pods Manifest.lock */ = {
			isa = PBXShellScriptBuildPhase;
			buildActionMask = 2147483647;
			files = (
			);
			inputFileListPaths = (
			);
			inputPaths = (
				"${PODS_PODFILE_DIR_PATH}/Podfile.lock",
				"${PODS_ROOT}/Manifest.lock",
			);
			name = "[CP] Check Pods Manifest.lock";
			outputFileListPaths = (
			);
			outputPaths = (
				"$(DERIVED_FILE_DIR)/Pods-RCRTCQuickDemo-checkManifestLockResult.txt",
			);
			runOnlyForDeploymentPostprocessing = 0;
			shellPath = /bin/sh;
			shellScript = "diff \"${PODS_PODFILE_DIR_PATH}/Podfile.lock\" \"${PODS_ROOT}/Manifest.lock\" > /dev/null\nif [ $? != 0 ] ; then\n    # print error to STDERR\n    echo \"error: The sandbox is not in sync with the Podfile.lock. Run 'pod install' or update your CocoaPods installation.\" >&2\n    exit 1\nfi\n# This output is used by Xcode 'outputs' to avoid re-running this script phase.\necho \"SUCCESS\" > \"${SCRIPT_OUTPUT_FILE_0}\"\n";
			showEnvVarsInLog = 0;
		};
/* End PBXShellScriptBuildPhase section */

/* Begin PBXSourcesBuildPhase section */
		DD812113261DC26B00AF7D35 /* Sources */ = {
			isa = PBXSourcesBuildPhase;
			buildActionMask = 2147483647;
			files = (
				DD81211C261DC26B00AF7D35 /* AppDelegate.m in Sources */,
				DDCBC07B263105CE006C7C7D /* MeetingCryptoImpl.m in Sources */,
				DD24DF53261EEB3900DC4665 /* MeetingCreateViewController.m in Sources */,
				DDEC583726270E810067D692 /* LiveCreateViewController.m in Sources */,
				DD812138261DC32900AF7D35 /* LoginViewController.m in Sources */,
				DD24DF5A261EEB5A00DC4665 /* HomeViewController.m in Sources */,
				DD24DF44261EAAD800DC4665 /* Constant.m in Sources */,
				187F9E36262850B2002E5288 /* UIAlertController+RCRTC.m in Sources */,
				DD24DF6D261EFC1700DC4665 /* RequestToken.m in Sources */,
				4F91E0A226326B7000D17B1F /* RCRTCFileSource.m in Sources */,
				187F9E312628504A002E5288 /* LiveVideoLayoutTool.m in Sources */,
				DD59DE05262D5BD900A0C940 /* CallKitViewController.m in Sources */,
				DD59DE73262FC1A500A0C940 /* GPUImageOutputCamera.m in Sources */,
				DD24DFE426202F5100DC4665 /* MeetingViewController.m in Sources */,
				DD59DE74262FC1A500A0C940 /* GPUImageHandle.m in Sources */,
				DDEC583C26270ECA0067D692 /* LiveViewController.m in Sources */,
				DD59DE60262EEC5000A0C940 /* HomeTableViewCell.m in Sources */,
				DD81212D261DC26F00AF7D35 /* main.m in Sources */,
				DD59DE75262FC1A500A0C940 /* GPUImageBeautyFilter.m in Sources */,
				187F9E322628504A002E5288 /* LiveStreamVideo.m in Sources */,
				DDEC58472627EC120067D692 /* CallLibViewController.m in Sources */,
				187F9E302628504A002E5288 /* LiveMixStreamTool.m in Sources */,
			);
			runOnlyForDeploymentPostprocessing = 0;
		};
/* End PBXSourcesBuildPhase section */

/* Begin PBXVariantGroup section */
		DD812123261DC26B00AF7D35 /* Login.storyboard */ = {
			isa = PBXVariantGroup;
			children = (
				DD812124261DC26B00AF7D35 /* Base */,
			);
			name = Login.storyboard;
			sourceTree = "<group>";
		};
		DD812128261DC26F00AF7D35 /* LaunchScreen.storyboard */ = {
			isa = PBXVariantGroup;
			children = (
				DD812129261DC26F00AF7D35 /* Base */,
			);
			name = LaunchScreen.storyboard;
			sourceTree = "<group>";
		};
/* End PBXVariantGroup section */

/* Begin XCBuildConfiguration section */
		DD81212E261DC26F00AF7D35 /* Debug */ = {
			isa = XCBuildConfiguration;
			buildSettings = {
				ALWAYS_SEARCH_USER_PATHS = NO;
				CLANG_ANALYZER_NONNULL = YES;
				CLANG_ANALYZER_NUMBER_OBJECT_CONVERSION = YES_AGGRESSIVE;
				CLANG_CXX_LANGUAGE_STANDARD = "gnu++14";
				CLANG_CXX_LIBRARY = "libc++";
				CLANG_ENABLE_MODULES = YES;
				CLANG_ENABLE_OBJC_ARC = YES;
				CLANG_ENABLE_OBJC_WEAK = YES;
				CLANG_WARN_BLOCK_CAPTURE_AUTORELEASING = YES;
				CLANG_WARN_BOOL_CONVERSION = YES;
				CLANG_WARN_COMMA = YES;
				CLANG_WARN_CONSTANT_CONVERSION = YES;
				CLANG_WARN_DEPRECATED_OBJC_IMPLEMENTATIONS = YES;
				CLANG_WARN_DIRECT_OBJC_ISA_USAGE = YES_ERROR;
				CLANG_WARN_DOCUMENTATION_COMMENTS = YES;
				CLANG_WARN_EMPTY_BODY = YES;
				CLANG_WARN_ENUM_CONVERSION = YES;
				CLANG_WARN_INFINITE_RECURSION = YES;
				CLANG_WARN_INT_CONVERSION = YES;
				CLANG_WARN_NON_LITERAL_NULL_CONVERSION = YES;
				CLANG_WARN_OBJC_IMPLICIT_RETAIN_SELF = YES;
				CLANG_WARN_OBJC_LITERAL_CONVERSION = YES;
				CLANG_WARN_OBJC_ROOT_CLASS = YES_ERROR;
				CLANG_WARN_QUOTED_INCLUDE_IN_FRAMEWORK_HEADER = YES;
				CLANG_WARN_RANGE_LOOP_ANALYSIS = YES;
				CLANG_WARN_STRICT_PROTOTYPES = YES;
				CLANG_WARN_SUSPICIOUS_MOVE = YES;
				CLANG_WARN_UNGUARDED_AVAILABILITY = YES_AGGRESSIVE;
				CLANG_WARN_UNREACHABLE_CODE = YES;
				CLANG_WARN__DUPLICATE_METHOD_MATCH = YES;
				COPY_PHASE_STRIP = NO;
				DEBUG_INFORMATION_FORMAT = dwarf;
				ENABLE_STRICT_OBJC_MSGSEND = YES;
				ENABLE_TESTABILITY = YES;
				GCC_C_LANGUAGE_STANDARD = gnu11;
				GCC_DYNAMIC_NO_PIC = NO;
				GCC_NO_COMMON_BLOCKS = YES;
				GCC_OPTIMIZATION_LEVEL = 0;
				GCC_PREPROCESSOR_DEFINITIONS = (
					"DEBUG=1",
					"$(inherited)",
				);
				GCC_WARN_64_TO_32_BIT_CONVERSION = YES;
				GCC_WARN_ABOUT_RETURN_TYPE = YES_ERROR;
				GCC_WARN_UNDECLARED_SELECTOR = YES;
				GCC_WARN_UNINITIALIZED_AUTOS = YES_AGGRESSIVE;
				GCC_WARN_UNUSED_FUNCTION = YES;
				GCC_WARN_UNUSED_VARIABLE = YES;
				IPHONEOS_DEPLOYMENT_TARGET = 14.3;
				MTL_ENABLE_DEBUG_INFO = INCLUDE_SOURCE;
				MTL_FAST_MATH = YES;
				ONLY_ACTIVE_ARCH = YES;
				SDKROOT = iphoneos;
			};
			name = Debug;
		};
		DD81212F261DC26F00AF7D35 /* Release */ = {
			isa = XCBuildConfiguration;
			buildSettings = {
				ALWAYS_SEARCH_USER_PATHS = NO;
				CLANG_ANALYZER_NONNULL = YES;
				CLANG_ANALYZER_NUMBER_OBJECT_CONVERSION = YES_AGGRESSIVE;
				CLANG_CXX_LANGUAGE_STANDARD = "gnu++14";
				CLANG_CXX_LIBRARY = "libc++";
				CLANG_ENABLE_MODULES = YES;
				CLANG_ENABLE_OBJC_ARC = YES;
				CLANG_ENABLE_OBJC_WEAK = YES;
				CLANG_WARN_BLOCK_CAPTURE_AUTORELEASING = YES;
				CLANG_WARN_BOOL_CONVERSION = YES;
				CLANG_WARN_COMMA = YES;
				CLANG_WARN_CONSTANT_CONVERSION = YES;
				CLANG_WARN_DEPRECATED_OBJC_IMPLEMENTATIONS = YES;
				CLANG_WARN_DIRECT_OBJC_ISA_USAGE = YES_ERROR;
				CLANG_WARN_DOCUMENTATION_COMMENTS = YES;
				CLANG_WARN_EMPTY_BODY = YES;
				CLANG_WARN_ENUM_CONVERSION = YES;
				CLANG_WARN_INFINITE_RECURSION = YES;
				CLANG_WARN_INT_CONVERSION = YES;
				CLANG_WARN_NON_LITERAL_NULL_CONVERSION = YES;
				CLANG_WARN_OBJC_IMPLICIT_RETAIN_SELF = YES;
				CLANG_WARN_OBJC_LITERAL_CONVERSION = YES;
				CLANG_WARN_OBJC_ROOT_CLASS = YES_ERROR;
				CLANG_WARN_QUOTED_INCLUDE_IN_FRAMEWORK_HEADER = YES;
				CLANG_WARN_RANGE_LOOP_ANALYSIS = YES;
				CLANG_WARN_STRICT_PROTOTYPES = YES;
				CLANG_WARN_SUSPICIOUS_MOVE = YES;
				CLANG_WARN_UNGUARDED_AVAILABILITY = YES_AGGRESSIVE;
				CLANG_WARN_UNREACHABLE_CODE = YES;
				CLANG_WARN__DUPLICATE_METHOD_MATCH = YES;
				COPY_PHASE_STRIP = NO;
				DEBUG_INFORMATION_FORMAT = "dwarf-with-dsym";
				ENABLE_NS_ASSERTIONS = NO;
				ENABLE_STRICT_OBJC_MSGSEND = YES;
				GCC_C_LANGUAGE_STANDARD = gnu11;
				GCC_NO_COMMON_BLOCKS = YES;
				GCC_WARN_64_TO_32_BIT_CONVERSION = YES;
				GCC_WARN_ABOUT_RETURN_TYPE = YES_ERROR;
				GCC_WARN_UNDECLARED_SELECTOR = YES;
				GCC_WARN_UNINITIALIZED_AUTOS = YES_AGGRESSIVE;
				GCC_WARN_UNUSED_FUNCTION = YES;
				GCC_WARN_UNUSED_VARIABLE = YES;
				IPHONEOS_DEPLOYMENT_TARGET = 14.3;
				MTL_ENABLE_DEBUG_INFO = NO;
				MTL_FAST_MATH = YES;
				SDKROOT = iphoneos;
				VALIDATE_PRODUCT = YES;
			};
			name = Release;
		};
		DD812131261DC26F00AF7D35 /* Debug */ = {
			isa = XCBuildConfiguration;
			baseConfigurationReference = 971EBA1398449987D6131A1B /* Pods-RCRTCQuickDemo.debug.xcconfig */;
			buildSettings = {
				ASSETCATALOG_COMPILER_APPICON_NAME = AppIcon;
				ASSETCATALOG_COMPILER_GLOBAL_ACCENT_COLOR_NAME = AccentColor;
				CLANG_ALLOW_NON_MODULAR_INCLUDES_IN_FRAMEWORK_MODULES = YES;
				CODE_SIGN_STYLE = Automatic;
				DEVELOPMENT_TEAM = 9CVMN4UZK4;
				ENABLE_BITCODE = NO;
				FRAMEWORK_SEARCH_PATHS = (
					"$(inherited)",
					"$(PROJECT_DIR)",
				);
				GCC_PRECOMPILE_PREFIX_HEADER = NO;
				INFOPLIST_FILE = RCRTCQuickDemo/Info.plist;
				IPHONEOS_DEPLOYMENT_TARGET = 9.0;
				LD_RUNPATH_SEARCH_PATHS = (
					"$(inherited)",
					"@executable_path/Frameworks",
				);
				PRODUCT_BUNDLE_IDENTIFIER = com.rongcloud.support;
				PRODUCT_NAME = "$(TARGET_NAME)";
				TARGETED_DEVICE_FAMILY = "1,2";
			};
			name = Debug;
		};
		DD812132261DC26F00AF7D35 /* Release */ = {
			isa = XCBuildConfiguration;
			baseConfigurationReference = DE3564F81C055A832EE564F2 /* Pods-RCRTCQuickDemo.release.xcconfig */;
			buildSettings = {
				ASSETCATALOG_COMPILER_APPICON_NAME = AppIcon;
				ASSETCATALOG_COMPILER_GLOBAL_ACCENT_COLOR_NAME = AccentColor;
				CLANG_ALLOW_NON_MODULAR_INCLUDES_IN_FRAMEWORK_MODULES = YES;
				CODE_SIGN_STYLE = Automatic;
				DEVELOPMENT_TEAM = 9CVMN4UZK4;
				ENABLE_BITCODE = NO;
				FRAMEWORK_SEARCH_PATHS = (
					"$(inherited)",
					"$(PROJECT_DIR)",
				);
				GCC_PRECOMPILE_PREFIX_HEADER = NO;
				INFOPLIST_FILE = RCRTCQuickDemo/Info.plist;
				IPHONEOS_DEPLOYMENT_TARGET = 9.0;
				LD_RUNPATH_SEARCH_PATHS = (
					"$(inherited)",
					"@executable_path/Frameworks",
				);
				PRODUCT_BUNDLE_IDENTIFIER = com.rongcloud.support;
				PRODUCT_NAME = "$(TARGET_NAME)";
				TARGETED_DEVICE_FAMILY = "1,2";
			};
			name = Release;
		};
/* End XCBuildConfiguration section */

/* Begin XCConfigurationList section */
		DD812112261DC26B00AF7D35 /* Build configuration list for PBXProject "RCRTCQuickDemo" */ = {
			isa = XCConfigurationList;
			buildConfigurations = (
				DD81212E261DC26F00AF7D35 /* Debug */,
				DD81212F261DC26F00AF7D35 /* Release */,
			);
			defaultConfigurationIsVisible = 0;
			defaultConfigurationName = Release;
		};
		DD812130261DC26F00AF7D35 /* Build configuration list for PBXNativeTarget "RCRTCQuickDemo" */ = {
			isa = XCConfigurationList;
			buildConfigurations = (
				DD812131261DC26F00AF7D35 /* Debug */,
				DD812132261DC26F00AF7D35 /* Release */,
			);
			defaultConfigurationIsVisible = 0;
			defaultConfigurationName = Release;
		};
/* End XCConfigurationList section */
	};
	rootObject = DD81210F261DC26B00AF7D35 /* Project object */;
}
